// !$*UTF8*$!
{
	archiveVersion = 1;
	classes = {
	};
	objectVersion = 46;
	objects = {

/* Begin PBXBuildFile section */
		0F18531015681EF1007075E5 /* DCMFavoritesViewController.m in Sources */ = {isa = PBXBuildFile; fileRef = 0F18530F15681EF1007075E5 /* DCMFavoritesViewController.m */; };
		95DDA7181AF9856B00387569 /* DCMVenuesMapViewController.m in Sources */ = {isa = PBXBuildFile; fileRef = 95DDA7171AF9856B00387569 /* DCMVenuesMapViewController.m */; };
		95DDA71A1AF988F100387569 /* MapKit.framework in Frameworks */ = {isa = PBXBuildFile; fileRef = 95DDA7191AF988F100387569 /* MapKit.framework */; };
		95DDA71C1AF988FF00387569 /* CoreLocation.framework in Frameworks */ = {isa = PBXBuildFile; fileRef = 95DDA71B1AF988FF00387569 /* CoreLocation.framework */; };
		BC0D368A194FF71700D8CC4C /* Images.xcassets in Resources */ = {isa = PBXBuildFile; fileRef = BC0D3689194FF71700D8CC4C /* Images.xcassets */; };
		BC15F37F157C53DB00239CB8 /* DCMScheduleViewController.m in Sources */ = {isa = PBXBuildFile; fileRef = BC15F37E157C53DB00239CB8 /* DCMScheduleViewController.m */; };
		BC249A301B2001400093604F /* DCMVenuesListViewController.m in Sources */ = {isa = PBXBuildFile; fileRef = BC249A2F1B2001400093604F /* DCMVenuesListViewController.m */; };
		BC31B93F1587D594005F9717 /* DCMDownload.m in Sources */ = {isa = PBXBuildFile; fileRef = BC31B93E1587D593005F9717 /* DCMDownload.m */; };
		BC3748BE155F4C6C0033BAC9 /* UIKit.framework in Frameworks */ = {isa = PBXBuildFile; fileRef = BC3748BD155F4C6C0033BAC9 /* UIKit.framework */; };
		BC3748C0155F4C6C0033BAC9 /* Foundation.framework in Frameworks */ = {isa = PBXBuildFile; fileRef = BC3748BF155F4C6C0033BAC9 /* Foundation.framework */; };
		BC3748C2155F4C6C0033BAC9 /* CoreGraphics.framework in Frameworks */ = {isa = PBXBuildFile; fileRef = BC3748C1155F4C6C0033BAC9 /* CoreGraphics.framework */; };
		BC3748C8155F4C6C0033BAC9 /* InfoPlist.strings in Resources */ = {isa = PBXBuildFile; fileRef = BC3748C6155F4C6C0033BAC9 /* InfoPlist.strings */; };
		BC3748CA155F4C6C0033BAC9 /* main.m in Sources */ = {isa = PBXBuildFile; fileRef = BC3748C9155F4C6C0033BAC9 /* main.m */; };
		BC3748CE155F4C6C0033BAC9 /* DCMAppDelegate.m in Sources */ = {isa = PBXBuildFile; fileRef = BC3748CD155F4C6C0033BAC9 /* DCMAppDelegate.m */; };
		BC3748D1155F4C6C0033BAC9 /* MainStoryboard.storyboard in Resources */ = {isa = PBXBuildFile; fileRef = BC3748CF155F4C6C0033BAC9 /* MainStoryboard.storyboard */; };
		BC3748E8155F60F10033BAC9 /* DCMAllShowsViewController.m in Sources */ = {isa = PBXBuildFile; fileRef = BC3748E7155F60F10033BAC9 /* DCMAllShowsViewController.m */; };
		BC3748EC155F62F00033BAC9 /* DCM.xcdatamodeld in Sources */ = {isa = PBXBuildFile; fileRef = BC3748EA155F62F00033BAC9 /* DCM.xcdatamodeld */; };
		BC3748F0155F69720033BAC9 /* MBProgressHUD.m in Sources */ = {isa = PBXBuildFile; fileRef = BC3748EF155F69720033BAC9 /* MBProgressHUD.m */; };
		BC3748F4155F69BD0033BAC9 /* Performance.m in Sources */ = {isa = PBXBuildFile; fileRef = BC3748F3155F69BD0033BAC9 /* Performance.m */; };
		BC3748F7155F69D10033BAC9 /* Performer.m in Sources */ = {isa = PBXBuildFile; fileRef = BC3748F6155F69D10033BAC9 /* Performer.m */; };
		BC3748FD155F69EC0033BAC9 /* Venue.m in Sources */ = {isa = PBXBuildFile; fileRef = BC3748FC155F69EC0033BAC9 /* Venue.m */; };
		BC374900155F6A8C0033BAC9 /* Show.m in Sources */ = {isa = PBXBuildFile; fileRef = BC3748FF155F6A8C0033BAC9 /* Show.m */; };
		BC374903155F6B010033BAC9 /* DCMImportOperation.m in Sources */ = {isa = PBXBuildFile; fileRef = BC374902155F6B010033BAC9 /* DCMImportOperation.m */; };
		BC374907155F7BE90033BAC9 /* DCMDatabase.m in Sources */ = {isa = PBXBuildFile; fileRef = BC374906155F7BE90033BAC9 /* DCMDatabase.m */; };
		BC37490A155F8A030033BAC9 /* CoreData.framework in Frameworks */ = {isa = PBXBuildFile; fileRef = BC374909155F8A030033BAC9 /* CoreData.framework */; };
		BC37490D155F9B1F0033BAC9 /* DCMShowDetailViewController.m in Sources */ = {isa = PBXBuildFile; fileRef = BC37490C155F9B1E0033BAC9 /* DCMShowDetailViewController.m */; };
		BC72D4D81B26A8640028EC65 /* Launch Screen.xib in Resources */ = {isa = PBXBuildFile; fileRef = BC72D4D71B26A8640028EC65 /* Launch Screen.xib */; };
		BC94EF7815883A9F001CE7A8 /* DCMTableViewController.m in Sources */ = {isa = PBXBuildFile; fileRef = BC94EF7715883A9F001CE7A8 /* DCMTableViewController.m */; };
		BC965C91156020BE00665E50 /* DCMUpcomingViewController.m in Sources */ = {isa = PBXBuildFile; fileRef = BC965C90156020BE00665E50 /* DCMUpcomingViewController.m */; };
		BC965C95156036BA00665E50 /* FluxCapacitorViewController.m in Sources */ = {isa = PBXBuildFile; fileRef = BC965C94156036BA00665E50 /* FluxCapacitorViewController.m */; };
		BC9F502B1B2543BC00594B10 /* DCMAllPerformersViewController.m in Sources */ = {isa = PBXBuildFile; fileRef = BC9F502A1B2543BC00594B10 /* DCMAllPerformersViewController.m */; };
		BC9F502F1B255D6B00594B10 /* DCMPerformerScheduleViewController.m in Sources */ = {isa = PBXBuildFile; fileRef = BC9F502E1B255D6B00594B10 /* DCMPerformerScheduleViewController.m */; };
		BCA413131B136BE800440316 /* NSDictionary+DCM.m in Sources */ = {isa = PBXBuildFile; fileRef = BCA413121B136BE800440316 /* NSDictionary+DCM.m */; };
		BCA9A556194E902A006FC7BF /* DCMImportMap.plist in Resources */ = {isa = PBXBuildFile; fileRef = BCA9A555194E902A006FC7BF /* DCMImportMap.plist */; };
		BCB0074F177CAA25004F3A4E /* DCMSearchResultCell.xib in Resources */ = {isa = PBXBuildFile; fileRef = BCB0074E177CAA25004F3A4E /* DCMSearchResultCell.xib */; };
		BCB00752177CB227004F3A4E /* libz.dylib in Frameworks */ = {isa = PBXBuildFile; fileRef = BCB00751177CB227004F3A4E /* libz.dylib */; };
		BCB86A411585835300DD48E7 /* CountdownView.xib in Resources */ = {isa = PBXBuildFile; fileRef = BCB86A401585835300DD48E7 /* CountdownView.xib */; };
		BCD35DF7176E7D2000B8E799 /* DCMUtilities.m in Sources */ = {isa = PBXBuildFile; fileRef = BCD35DF6176E7D2000B8E799 /* DCMUtilities.m */; };
		BCD35DFA176E8A4700B8E799 /* DCMTweetsViewController.m in Sources */ = {isa = PBXBuildFile; fileRef = BCD35DF9176E8A4700B8E799 /* DCMTweetsViewController.m */; };
		BCD35DFC176E8DE800B8E799 /* DCMTweets.html in Resources */ = {isa = PBXBuildFile; fileRef = BCD35DFB176E8DE800B8E799 /* DCMTweets.html */; };
		BCD9D13C158A7A0000BC9D0F /* WallClock.m in Sources */ = {isa = PBXBuildFile; fileRef = BCD9D13B158A7A0000BC9D0F /* WallClock.m */; };
		BCEC5E6D157C34ED00BA8AAD /* DCMVenueScheduleViewController.m in Sources */ = {isa = PBXBuildFile; fileRef = BCEC5E6C157C34ED00BA8AAD /* DCMVenueScheduleViewController.m */; };
		BCEFBDB8176C6BF4003388E1 /* QuartzCore.framework in Frameworks */ = {isa = PBXBuildFile; fileRef = BCEFBDB7176C6BF4003388E1 /* QuartzCore.framework */; };
		BCEFC03C1B1B7FCF00F432DC /* AddressBook.framework in Frameworks */ = {isa = PBXBuildFile; fileRef = BCEFC03B1B1B7FCF00F432DC /* AddressBook.framework */; };
/* End PBXBuildFile section */

/* Begin PBXFileReference section */
		0F18530E15681EF1007075E5 /* DCMFavoritesViewController.h */ = {isa = PBXFileReference; fileEncoding = 4; lastKnownFileType = sourcecode.c.h; path = DCMFavoritesViewController.h; sourceTree = "<group>"; };
		0F18530F15681EF1007075E5 /* DCMFavoritesViewController.m */ = {isa = PBXFileReference; fileEncoding = 4; lastKnownFileType = sourcecode.c.objc; path = DCMFavoritesViewController.m; sourceTree = "<group>"; };
		95DDA7161AF9856B00387569 /* DCMVenuesMapViewController.h */ = {isa = PBXFileReference; fileEncoding = 4; lastKnownFileType = sourcecode.c.h; path = DCMVenuesMapViewController.h; sourceTree = "<group>"; };
		95DDA7171AF9856B00387569 /* DCMVenuesMapViewController.m */ = {isa = PBXFileReference; fileEncoding = 4; lastKnownFileType = sourcecode.c.objc; path = DCMVenuesMapViewController.m; sourceTree = "<group>"; };
		95DDA7191AF988F100387569 /* MapKit.framework */ = {isa = PBXFileReference; lastKnownFileType = wrapper.framework; name = MapKit.framework; path = System/Library/Frameworks/MapKit.framework; sourceTree = SDKROOT; };
		95DDA71B1AF988FF00387569 /* CoreLocation.framework */ = {isa = PBXFileReference; lastKnownFileType = wrapper.framework; name = CoreLocation.framework; path = System/Library/Frameworks/CoreLocation.framework; sourceTree = SDKROOT; };
		BC0D3689194FF71700D8CC4C /* Images.xcassets */ = {isa = PBXFileReference; lastKnownFileType = folder.assetcatalog; path = Images.xcassets; sourceTree = "<group>"; };
		BC15F37D157C53DB00239CB8 /* DCMScheduleViewController.h */ = {isa = PBXFileReference; fileEncoding = 4; lastKnownFileType = sourcecode.c.h; path = DCMScheduleViewController.h; sourceTree = "<group>"; };
		BC15F37E157C53DB00239CB8 /* DCMScheduleViewController.m */ = {isa = PBXFileReference; fileEncoding = 4; lastKnownFileType = sourcecode.c.objc; path = DCMScheduleViewController.m; sourceTree = "<group>"; };
		BC249A2E1B2001400093604F /* DCMVenuesListViewController.h */ = {isa = PBXFileReference; fileEncoding = 4; lastKnownFileType = sourcecode.c.h; path = DCMVenuesListViewController.h; sourceTree = "<group>"; };
		BC249A2F1B2001400093604F /* DCMVenuesListViewController.m */ = {isa = PBXFileReference; fileEncoding = 4; lastKnownFileType = sourcecode.c.objc; path = DCMVenuesListViewController.m; sourceTree = "<group>"; };
		BC31B93D1587D593005F9717 /* DCMDownload.h */ = {isa = PBXFileReference; fileEncoding = 4; lastKnownFileType = sourcecode.c.h; path = DCMDownload.h; sourceTree = "<group>"; };
		BC31B93E1587D593005F9717 /* DCMDownload.m */ = {isa = PBXFileReference; fileEncoding = 4; lastKnownFileType = sourcecode.c.objc; path = DCMDownload.m; sourceTree = "<group>"; };
		BC3748B9155F4C6C0033BAC9 /* DCM.app */ = {isa = PBXFileReference; explicitFileType = wrapper.application; includeInIndex = 0; path = DCM.app; sourceTree = BUILT_PRODUCTS_DIR; };
		BC3748BD155F4C6C0033BAC9 /* UIKit.framework */ = {isa = PBXFileReference; lastKnownFileType = wrapper.framework; name = UIKit.framework; path = System/Library/Frameworks/UIKit.framework; sourceTree = SDKROOT; };
		BC3748BF155F4C6C0033BAC9 /* Foundation.framework */ = {isa = PBXFileReference; lastKnownFileType = wrapper.framework; name = Foundation.framework; path = System/Library/Frameworks/Foundation.framework; sourceTree = SDKROOT; };
		BC3748C1155F4C6C0033BAC9 /* CoreGraphics.framework */ = {isa = PBXFileReference; lastKnownFileType = wrapper.framework; name = CoreGraphics.framework; path = System/Library/Frameworks/CoreGraphics.framework; sourceTree = SDKROOT; };
		BC3748C5155F4C6C0033BAC9 /* DCM-Info.plist */ = {isa = PBXFileReference; lastKnownFileType = text.plist.xml; path = "DCM-Info.plist"; sourceTree = "<group>"; };
		BC3748C7155F4C6C0033BAC9 /* en */ = {isa = PBXFileReference; lastKnownFileType = text.plist.strings; name = en; path = en.lproj/InfoPlist.strings; sourceTree = "<group>"; };
		BC3748C9155F4C6C0033BAC9 /* main.m */ = {isa = PBXFileReference; lastKnownFileType = sourcecode.c.objc; path = main.m; sourceTree = "<group>"; };
		BC3748CB155F4C6C0033BAC9 /* DCM-Prefix.pch */ = {isa = PBXFileReference; lastKnownFileType = sourcecode.c.h; path = "DCM-Prefix.pch"; sourceTree = "<group>"; };
		BC3748CC155F4C6C0033BAC9 /* DCMAppDelegate.h */ = {isa = PBXFileReference; lastKnownFileType = sourcecode.c.h; path = DCMAppDelegate.h; sourceTree = "<group>"; };
		BC3748CD155F4C6C0033BAC9 /* DCMAppDelegate.m */ = {isa = PBXFileReference; lastKnownFileType = sourcecode.c.objc; path = DCMAppDelegate.m; sourceTree = "<group>"; };
		BC3748D0155F4C6C0033BAC9 /* en */ = {isa = PBXFileReference; lastKnownFileType = file.storyboard; name = en; path = en.lproj/MainStoryboard.storyboard; sourceTree = "<group>"; };
		BC3748E5155F4D0E0033BAC9 /* README.md */ = {isa = PBXFileReference; lastKnownFileType = text; path = README.md; sourceTree = "<group>"; };
		BC3748E6155F60F10033BAC9 /* DCMAllShowsViewController.h */ = {isa = PBXFileReference; fileEncoding = 4; lastKnownFileType = sourcecode.c.h; path = DCMAllShowsViewController.h; sourceTree = "<group>"; };
		BC3748E7155F60F10033BAC9 /* DCMAllShowsViewController.m */ = {isa = PBXFileReference; fileEncoding = 4; lastKnownFileType = sourcecode.c.objc; lineEnding = 0; path = DCMAllShowsViewController.m; sourceTree = "<group>"; xcLanguageSpecificationIdentifier = xcode.lang.objc; };
		BC3748EB155F62F00033BAC9 /* DCM.xcdatamodel */ = {isa = PBXFileReference; lastKnownFileType = wrapper.xcdatamodel; path = DCM.xcdatamodel; sourceTree = "<group>"; };
		BC3748EE155F69720033BAC9 /* MBProgressHUD.h */ = {isa = PBXFileReference; fileEncoding = 4; lastKnownFileType = sourcecode.c.h; name = MBProgressHUD.h; path = MBProgressHUD/MBProgressHUD.h; sourceTree = "<group>"; };
		BC3748EF155F69720033BAC9 /* MBProgressHUD.m */ = {isa = PBXFileReference; fileEncoding = 4; lastKnownFileType = sourcecode.c.objc; name = MBProgressHUD.m; path = MBProgressHUD/MBProgressHUD.m; sourceTree = "<group>"; };
		BC3748F2155F69BD0033BAC9 /* Performance.h */ = {isa = PBXFileReference; fileEncoding = 4; lastKnownFileType = sourcecode.c.h; path = Performance.h; sourceTree = "<group>"; };
		BC3748F3155F69BD0033BAC9 /* Performance.m */ = {isa = PBXFileReference; fileEncoding = 4; lastKnownFileType = sourcecode.c.objc; path = Performance.m; sourceTree = "<group>"; };
		BC3748F5155F69D10033BAC9 /* Performer.h */ = {isa = PBXFileReference; fileEncoding = 4; lastKnownFileType = sourcecode.c.h; path = Performer.h; sourceTree = "<group>"; };
		BC3748F6155F69D10033BAC9 /* Performer.m */ = {isa = PBXFileReference; fileEncoding = 4; lastKnownFileType = sourcecode.c.objc; path = Performer.m; sourceTree = "<group>"; };
		BC3748FB155F69EC0033BAC9 /* Venue.h */ = {isa = PBXFileReference; fileEncoding = 4; lastKnownFileType = sourcecode.c.h; path = Venue.h; sourceTree = "<group>"; };
		BC3748FC155F69EC0033BAC9 /* Venue.m */ = {isa = PBXFileReference; fileEncoding = 4; lastKnownFileType = sourcecode.c.objc; path = Venue.m; sourceTree = "<group>"; };
		BC3748FE155F6A8C0033BAC9 /* Show.h */ = {isa = PBXFileReference; fileEncoding = 4; lastKnownFileType = sourcecode.c.h; path = Show.h; sourceTree = "<group>"; };
		BC3748FF155F6A8C0033BAC9 /* Show.m */ = {isa = PBXFileReference; fileEncoding = 4; lastKnownFileType = sourcecode.c.objc; path = Show.m; sourceTree = "<group>"; };
		BC374901155F6B010033BAC9 /* DCMImportOperation.h */ = {isa = PBXFileReference; fileEncoding = 4; lastKnownFileType = sourcecode.c.h; path = DCMImportOperation.h; sourceTree = "<group>"; };
		BC374902155F6B010033BAC9 /* DCMImportOperation.m */ = {isa = PBXFileReference; fileEncoding = 4; lastKnownFileType = sourcecode.c.objc; path = DCMImportOperation.m; sourceTree = "<group>"; };
		BC374905155F7BE90033BAC9 /* DCMDatabase.h */ = {isa = PBXFileReference; fileEncoding = 4; lastKnownFileType = sourcecode.c.h; path = DCMDatabase.h; sourceTree = "<group>"; };
		BC374906155F7BE90033BAC9 /* DCMDatabase.m */ = {isa = PBXFileReference; fileEncoding = 4; lastKnownFileType = sourcecode.c.objc; path = DCMDatabase.m; sourceTree = "<group>"; };
		BC374909155F8A030033BAC9 /* CoreData.framework */ = {isa = PBXFileReference; lastKnownFileType = wrapper.framework; name = CoreData.framework; path = System/Library/Frameworks/CoreData.framework; sourceTree = SDKROOT; };
		BC37490B155F9B1E0033BAC9 /* DCMShowDetailViewController.h */ = {isa = PBXFileReference; fileEncoding = 4; lastKnownFileType = sourcecode.c.h; path = DCMShowDetailViewController.h; sourceTree = "<group>"; };
		BC37490C155F9B1E0033BAC9 /* DCMShowDetailViewController.m */ = {isa = PBXFileReference; fileEncoding = 4; lastKnownFileType = sourcecode.c.objc; path = DCMShowDetailViewController.m; sourceTree = "<group>"; };
		BC72D4D71B26A8640028EC65 /* Launch Screen.xib */ = {isa = PBXFileReference; fileEncoding = 4; lastKnownFileType = file.xib; path = "Launch Screen.xib"; sourceTree = "<group>"; };
		BC7C6A9A15900A2C0055E985 /* iTunesArtwork */ = {isa = PBXFileReference; explicitFileType = image.jpeg; name = iTunesArtwork; path = ../iTunesArtwork; sourceTree = "<group>"; };
		BC94EF7615883A9F001CE7A8 /* DCMTableViewController.h */ = {isa = PBXFileReference; fileEncoding = 4; lastKnownFileType = sourcecode.c.h; lineEnding = 0; path = DCMTableViewController.h; sourceTree = "<group>"; xcLanguageSpecificationIdentifier = xcode.lang.objcpp; };
		BC94EF7715883A9F001CE7A8 /* DCMTableViewController.m */ = {isa = PBXFileReference; fileEncoding = 4; lastKnownFileType = sourcecode.c.objc; lineEnding = 0; path = DCMTableViewController.m; sourceTree = "<group>"; xcLanguageSpecificationIdentifier = xcode.lang.objc; };
		BC965C8F156020BE00665E50 /* DCMUpcomingViewController.h */ = {isa = PBXFileReference; fileEncoding = 4; lastKnownFileType = sourcecode.c.h; path = DCMUpcomingViewController.h; sourceTree = "<group>"; };
		BC965C90156020BE00665E50 /* DCMUpcomingViewController.m */ = {isa = PBXFileReference; fileEncoding = 4; lastKnownFileType = sourcecode.c.objc; path = DCMUpcomingViewController.m; sourceTree = "<group>"; };
		BC965C93156036BA00665E50 /* FluxCapacitorViewController.h */ = {isa = PBXFileReference; fileEncoding = 4; lastKnownFileType = sourcecode.c.h; path = FluxCapacitorViewController.h; sourceTree = "<group>"; };
		BC965C94156036BA00665E50 /* FluxCapacitorViewController.m */ = {isa = PBXFileReference; fileEncoding = 4; lastKnownFileType = sourcecode.c.objc; path = FluxCapacitorViewController.m; sourceTree = "<group>"; };
		BC9F50291B2543BC00594B10 /* DCMAllPerformersViewController.h */ = {isa = PBXFileReference; fileEncoding = 4; lastKnownFileType = sourcecode.c.h; path = DCMAllPerformersViewController.h; sourceTree = "<group>"; };
		BC9F502A1B2543BC00594B10 /* DCMAllPerformersViewController.m */ = {isa = PBXFileReference; fileEncoding = 4; lastKnownFileType = sourcecode.c.objc; path = DCMAllPerformersViewController.m; sourceTree = "<group>"; };
		BC9F502D1B255D6B00594B10 /* DCMPerformerScheduleViewController.h */ = {isa = PBXFileReference; fileEncoding = 4; lastKnownFileType = sourcecode.c.h; path = DCMPerformerScheduleViewController.h; sourceTree = "<group>"; };
		BC9F502E1B255D6B00594B10 /* DCMPerformerScheduleViewController.m */ = {isa = PBXFileReference; fileEncoding = 4; lastKnownFileType = sourcecode.c.objc; path = DCMPerformerScheduleViewController.m; sourceTree = "<group>"; };
		BCA413111B136BE800440316 /* NSDictionary+DCM.h */ = {isa = PBXFileReference; fileEncoding = 4; lastKnownFileType = sourcecode.c.h; path = "NSDictionary+DCM.h"; sourceTree = "<group>"; };
		BCA413121B136BE800440316 /* NSDictionary+DCM.m */ = {isa = PBXFileReference; fileEncoding = 4; lastKnownFileType = sourcecode.c.objc; path = "NSDictionary+DCM.m"; sourceTree = "<group>"; };
		BCA9A555194E902A006FC7BF /* DCMImportMap.plist */ = {isa = PBXFileReference; fileEncoding = 4; lastKnownFileType = text.plist.xml; path = DCMImportMap.plist; sourceTree = "<group>"; };
		BCB0074E177CAA25004F3A4E /* DCMSearchResultCell.xib */ = {isa = PBXFileReference; fileEncoding = 4; lastKnownFileType = file.xib; path = DCMSearchResultCell.xib; sourceTree = "<group>"; };
		BCB00751177CB227004F3A4E /* libz.dylib */ = {isa = PBXFileReference; lastKnownFileType = "compiled.mach-o.dylib"; name = libz.dylib; path = usr/lib/libz.dylib; sourceTree = SDKROOT; };
		BCB86A401585835300DD48E7 /* CountdownView.xib */ = {isa = PBXFileReference; fileEncoding = 4; lastKnownFileType = file.xib; path = CountdownView.xib; sourceTree = "<group>"; };
		BCD35DF5176E7D2000B8E799 /* DCMUtilities.h */ = {isa = PBXFileReference; fileEncoding = 4; lastKnownFileType = sourcecode.c.h; path = DCMUtilities.h; sourceTree = "<group>"; };
		BCD35DF6176E7D2000B8E799 /* DCMUtilities.m */ = {isa = PBXFileReference; fileEncoding = 4; lastKnownFileType = sourcecode.c.objc; path = DCMUtilities.m; sourceTree = "<group>"; };
		BCD35DF8176E8A4600B8E799 /* DCMTweetsViewController.h */ = {isa = PBXFileReference; fileEncoding = 4; lastKnownFileType = sourcecode.c.h; path = DCMTweetsViewController.h; sourceTree = "<group>"; };
		BCD35DF9176E8A4700B8E799 /* DCMTweetsViewController.m */ = {isa = PBXFileReference; fileEncoding = 4; lastKnownFileType = sourcecode.c.objc; path = DCMTweetsViewController.m; sourceTree = "<group>"; };
		BCD35DFB176E8DE800B8E799 /* DCMTweets.html */ = {isa = PBXFileReference; fileEncoding = 4; lastKnownFileType = text.html; path = DCMTweets.html; sourceTree = "<group>"; };
		BCD9D13A158A7A0000BC9D0F /* WallClock.h */ = {isa = PBXFileReference; fileEncoding = 4; lastKnownFileType = sourcecode.c.h; path = WallClock.h; sourceTree = "<group>"; };
		BCD9D13B158A7A0000BC9D0F /* WallClock.m */ = {isa = PBXFileReference; fileEncoding = 4; lastKnownFileType = sourcecode.c.objc; path = WallClock.m; sourceTree = "<group>"; };
		BCEC5E6B157C34ED00BA8AAD /* DCMVenueScheduleViewController.h */ = {isa = PBXFileReference; fileEncoding = 4; lastKnownFileType = sourcecode.c.h; path = DCMVenueScheduleViewController.h; sourceTree = "<group>"; };
		BCEC5E6C157C34ED00BA8AAD /* DCMVenueScheduleViewController.m */ = {isa = PBXFileReference; fileEncoding = 4; lastKnownFileType = sourcecode.c.objc; lineEnding = 0; path = DCMVenueScheduleViewController.m; sourceTree = "<group>"; xcLanguageSpecificationIdentifier = xcode.lang.objc; };
		BCEFBDB7176C6BF4003388E1 /* QuartzCore.framework */ = {isa = PBXFileReference; lastKnownFileType = wrapper.framework; name = QuartzCore.framework; path = System/Library/Frameworks/QuartzCore.framework; sourceTree = SDKROOT; };
		BCEFC03B1B1B7FCF00F432DC /* AddressBook.framework */ = {isa = PBXFileReference; lastKnownFileType = wrapper.framework; name = AddressBook.framework; path = System/Library/Frameworks/AddressBook.framework; sourceTree = SDKROOT; };
/* End PBXFileReference section */

/* Begin PBXFrameworksBuildPhase section */
		BC3748B6155F4C6B0033BAC9 /* Frameworks */ = {
			isa = PBXFrameworksBuildPhase;
			buildActionMask = 2147483647;
			files = (
				BCEFC03C1B1B7FCF00F432DC /* AddressBook.framework in Frameworks */,
				95DDA71C1AF988FF00387569 /* CoreLocation.framework in Frameworks */,
				95DDA71A1AF988F100387569 /* MapKit.framework in Frameworks */,
				BCB00752177CB227004F3A4E /* libz.dylib in Frameworks */,
				BCEFBDB8176C6BF4003388E1 /* QuartzCore.framework in Frameworks */,
				BC37490A155F8A030033BAC9 /* CoreData.framework in Frameworks */,
				BC3748BE155F4C6C0033BAC9 /* UIKit.framework in Frameworks */,
				BC3748C0155F4C6C0033BAC9 /* Foundation.framework in Frameworks */,
				BC3748C2155F4C6C0033BAC9 /* CoreGraphics.framework in Frameworks */,
			);
			runOnlyForDeploymentPostprocessing = 0;
		};
/* End PBXFrameworksBuildPhase section */

/* Begin PBXGroup section */
		BC3748AE155F4C6B0033BAC9 = {
			isa = PBXGroup;
			children = (
				BC72D4D71B26A8640028EC65 /* Launch Screen.xib */,
				BC3748E5155F4D0E0033BAC9 /* README.md */,
				BC3748C3155F4C6C0033BAC9 /* DCM */,
				BC3748ED155F69580033BAC9 /* MBProgressHUD */,
				BC3748BC155F4C6C0033BAC9 /* Frameworks */,
				BC3748BA155F4C6C0033BAC9 /* Products */,
			);
			sourceTree = "<group>";
		};
		BC3748BA155F4C6C0033BAC9 /* Products */ = {
			isa = PBXGroup;
			children = (
				BC3748B9155F4C6C0033BAC9 /* DCM.app */,
			);
			name = Products;
			sourceTree = "<group>";
		};
		BC3748BC155F4C6C0033BAC9 /* Frameworks */ = {
			isa = PBXGroup;
			children = (
				BCEFC03B1B1B7FCF00F432DC /* AddressBook.framework */,
				95DDA71B1AF988FF00387569 /* CoreLocation.framework */,
				95DDA7191AF988F100387569 /* MapKit.framework */,
				BCB00751177CB227004F3A4E /* libz.dylib */,
				BCEFBDB7176C6BF4003388E1 /* QuartzCore.framework */,
				BC374909155F8A030033BAC9 /* CoreData.framework */,
				BC3748BD155F4C6C0033BAC9 /* UIKit.framework */,
				BC3748BF155F4C6C0033BAC9 /* Foundation.framework */,
				BC3748C1155F4C6C0033BAC9 /* CoreGraphics.framework */,
			);
			name = Frameworks;
			sourceTree = "<group>";
		};
		BC3748C3155F4C6C0033BAC9 /* DCM */ = {
			isa = PBXGroup;
			children = (
				BC3748CC155F4C6C0033BAC9 /* DCMAppDelegate.h */,
				BC3748CD155F4C6C0033BAC9 /* DCMAppDelegate.m */,
				BC9F50261B2541C800594B10 /* Utility */,
				BC3748F1155F698F0033BAC9 /* Data Model */,
				BC9F50271B2541D700594B10 /* Database */,
				BC37490E155F9B2C0033BAC9 /* View Controllers */,
				BC0D3689194FF71700D8CC4C /* Images.xcassets */,
				BC3748C4155F4C6C0033BAC9 /* Supporting Files */,
			);
			path = DCM;
			sourceTree = "<group>";
		};
		BC3748C4155F4C6C0033BAC9 /* Supporting Files */ = {
			isa = PBXGroup;
			children = (
				BC7C6A9A15900A2C0055E985 /* iTunesArtwork */,
				BC3748C5155F4C6C0033BAC9 /* DCM-Info.plist */,
				BC3748C6155F4C6C0033BAC9 /* InfoPlist.strings */,
				BC3748C9155F4C6C0033BAC9 /* main.m */,
				BC3748CB155F4C6C0033BAC9 /* DCM-Prefix.pch */,
				BCD35DFB176E8DE800B8E799 /* DCMTweets.html */,
			);
			name = "Supporting Files";
			sourceTree = "<group>";
		};
		BC3748ED155F69580033BAC9 /* MBProgressHUD */ = {
			isa = PBXGroup;
			children = (
				BC3748EE155F69720033BAC9 /* MBProgressHUD.h */,
				BC3748EF155F69720033BAC9 /* MBProgressHUD.m */,
			);
			name = MBProgressHUD;
			sourceTree = "<group>";
		};
		BC3748F1155F698F0033BAC9 /* Data Model */ = {
			isa = PBXGroup;
			children = (
				BC3748EA155F62F00033BAC9 /* DCM.xcdatamodeld */,
				BCA9A555194E902A006FC7BF /* DCMImportMap.plist */,
				BC3748FE155F6A8C0033BAC9 /* Show.h */,
				BC3748FF155F6A8C0033BAC9 /* Show.m */,
				BC3748FB155F69EC0033BAC9 /* Venue.h */,
				BC3748FC155F69EC0033BAC9 /* Venue.m */,
				BC3748F5155F69D10033BAC9 /* Performer.h */,
				BC3748F6155F69D10033BAC9 /* Performer.m */,
				BC3748F2155F69BD0033BAC9 /* Performance.h */,
				BC3748F3155F69BD0033BAC9 /* Performance.m */,
			);
			name = "Data Model";
			sourceTree = "<group>";
		};
		BC37490E155F9B2C0033BAC9 /* View Controllers */ = {
			isa = PBXGroup;
			children = (
				BC15F37D157C53DB00239CB8 /* DCMScheduleViewController.h */,
				BC15F37E157C53DB00239CB8 /* DCMScheduleViewController.m */,
				BC94EF7615883A9F001CE7A8 /* DCMTableViewController.h */,
				BC94EF7715883A9F001CE7A8 /* DCMTableViewController.m */,
				BC9F50241B249E8300594B10 /* Favorites */,
				BC3748CF155F4C6C0033BAC9 /* MainStoryboard.storyboard */,
				BC9F502C1B2543C200594B10 /* Performers */,
				BC9F50231B249E7D00594B10 /* Shows */,
				BC9F50211B249E3500594B10 /* Social */,
				BC9F50251B2533F100594B10 /* Testing */,
				BC9F50221B249E4F00594B10 /* Upcoming */,
				BC9F50201B249E2900594B10 /* Venues */,
			);
			name = "View Controllers";
			sourceTree = "<group>";
		};
		BC9F50201B249E2900594B10 /* Venues */ = {
			isa = PBXGroup;
			children = (
				BCEC5E6B157C34ED00BA8AAD /* DCMVenueScheduleViewController.h */,
				BCEC5E6C157C34ED00BA8AAD /* DCMVenueScheduleViewController.m */,
				BC249A2E1B2001400093604F /* DCMVenuesListViewController.h */,
				BC249A2F1B2001400093604F /* DCMVenuesListViewController.m */,
				95DDA7161AF9856B00387569 /* DCMVenuesMapViewController.h */,
				95DDA7171AF9856B00387569 /* DCMVenuesMapViewController.m */,
			);
			name = Venues;
			sourceTree = "<group>";
		};
		BC9F50211B249E3500594B10 /* Social */ = {
			isa = PBXGroup;
			children = (
				BCD35DF8176E8A4600B8E799 /* DCMTweetsViewController.h */,
				BCD35DF9176E8A4700B8E799 /* DCMTweetsViewController.m */,
			);
			name = Social;
			sourceTree = "<group>";
		};
		BC9F50221B249E4F00594B10 /* Upcoming */ = {
			isa = PBXGroup;
			children = (
				BCB86A401585835300DD48E7 /* CountdownView.xib */,
				BC965C8F156020BE00665E50 /* DCMUpcomingViewController.h */,
				BC965C90156020BE00665E50 /* DCMUpcomingViewController.m */,
			);
			name = Upcoming;
			sourceTree = "<group>";
		};
		BC9F50231B249E7D00594B10 /* Shows */ = {
			isa = PBXGroup;
			children = (
				BC3748E6155F60F10033BAC9 /* DCMAllShowsViewController.h */,
				BC3748E7155F60F10033BAC9 /* DCMAllShowsViewController.m */,
				BCB0074E177CAA25004F3A4E /* DCMSearchResultCell.xib */,
				BC37490B155F9B1E0033BAC9 /* DCMShowDetailViewController.h */,
				BC37490C155F9B1E0033BAC9 /* DCMShowDetailViewController.m */,
			);
			name = Shows;
			sourceTree = "<group>";
		};
		BC9F50241B249E8300594B10 /* Favorites */ = {
			isa = PBXGroup;
			children = (
				0F18530E15681EF1007075E5 /* DCMFavoritesViewController.h */,
				0F18530F15681EF1007075E5 /* DCMFavoritesViewController.m */,
			);
			name = Favorites;
			sourceTree = "<group>";
		};
		BC9F50251B2533F100594B10 /* Testing */ = {
			isa = PBXGroup;
			children = (
				BC965C93156036BA00665E50 /* FluxCapacitorViewController.h */,
				BC965C94156036BA00665E50 /* FluxCapacitorViewController.m */,
			);
			name = Testing;
			sourceTree = "<group>";
		};
		BC9F50261B2541C800594B10 /* Utility */ = {
			isa = PBXGroup;
			children = (
				BCD9D13A158A7A0000BC9D0F /* WallClock.h */,
				BCD9D13B158A7A0000BC9D0F /* WallClock.m */,
				BCD35DF5176E7D2000B8E799 /* DCMUtilities.h */,
				BCD35DF6176E7D2000B8E799 /* DCMUtilities.m */,
				BCA413111B136BE800440316 /* NSDictionary+DCM.h */,
				BCA413121B136BE800440316 /* NSDictionary+DCM.m */,
			);
			name = Utility;
			sourceTree = "<group>";
		};
		BC9F50271B2541D700594B10 /* Database */ = {
			isa = PBXGroup;
			children = (
				BC374905155F7BE90033BAC9 /* DCMDatabase.h */,
				BC374906155F7BE90033BAC9 /* DCMDatabase.m */,
				BC31B93D1587D593005F9717 /* DCMDownload.h */,
				BC31B93E1587D593005F9717 /* DCMDownload.m */,
				BC374901155F6B010033BAC9 /* DCMImportOperation.h */,
				BC374902155F6B010033BAC9 /* DCMImportOperation.m */,
			);
			name = Database;
			sourceTree = "<group>";
		};
		BC9F502C1B2543C200594B10 /* Performers */ = {
			isa = PBXGroup;
			children = (
				BC9F50291B2543BC00594B10 /* DCMAllPerformersViewController.h */,
				BC9F502A1B2543BC00594B10 /* DCMAllPerformersViewController.m */,
				BC9F502D1B255D6B00594B10 /* DCMPerformerScheduleViewController.h */,
				BC9F502E1B255D6B00594B10 /* DCMPerformerScheduleViewController.m */,
			);
			name = Performers;
			sourceTree = "<group>";
		};
/* End PBXGroup section */

/* Begin PBXNativeTarget section */
		BC3748B8155F4C6B0033BAC9 /* DCM */ = {
			isa = PBXNativeTarget;
			buildConfigurationList = BC3748E2155F4C6C0033BAC9 /* Build configuration list for PBXNativeTarget "DCM" */;
			buildPhases = (
				BC3748B5155F4C6B0033BAC9 /* Sources */,
				BC3748B6155F4C6B0033BAC9 /* Frameworks */,
				BC3748B7155F4C6B0033BAC9 /* Resources */,
			);
			buildRules = (
			);
			dependencies = (
			);
			name = DCM;
			productName = DCM;
			productReference = BC3748B9155F4C6C0033BAC9 /* DCM.app */;
			productType = "com.apple.product-type.application";
		};
/* End PBXNativeTarget section */

/* Begin PBXProject section */
		BC3748B0155F4C6B0033BAC9 /* Project object */ = {
			isa = PBXProject;
			attributes = {
				CLASSPREFIX = DCM;
				LastUpgradeCheck = 0510;
				ORGANIZATIONNAME = "Upright Citizens Brigade LLC";
				TargetAttributes = {
					BC3748B8155F4C6B0033BAC9 = {
						DevelopmentTeam = 32985GSFL8;
					};
				};
			};
			buildConfigurationList = BC3748B3155F4C6B0033BAC9 /* Build configuration list for PBXProject "DCM" */;
			compatibilityVersion = "Xcode 3.2";
			developmentRegion = English;
			hasScannedForEncodings = 0;
			knownRegions = (
				en,
			);
			mainGroup = BC3748AE155F4C6B0033BAC9;
			productRefGroup = BC3748BA155F4C6C0033BAC9 /* Products */;
			projectDirPath = "";
			projectRoot = "";
			targets = (
				BC3748B8155F4C6B0033BAC9 /* DCM */,
			);
		};
/* End PBXProject section */

/* Begin PBXResourcesBuildPhase section */
		BC3748B7155F4C6B0033BAC9 /* Resources */ = {
			isa = PBXResourcesBuildPhase;
			buildActionMask = 2147483647;
			files = (
				BC3748C8155F4C6C0033BAC9 /* InfoPlist.strings in Resources */,
				BC3748D1155F4C6C0033BAC9 /* MainStoryboard.storyboard in Resources */,
				BC0D368A194FF71700D8CC4C /* Images.xcassets in Resources */,
				BCB86A411585835300DD48E7 /* CountdownView.xib in Resources */,
				BCA9A556194E902A006FC7BF /* DCMImportMap.plist in Resources */,
				BC72D4D81B26A8640028EC65 /* Launch Screen.xib in Resources */,
				BCD35DFC176E8DE800B8E799 /* DCMTweets.html in Resources */,
				BCB0074F177CAA25004F3A4E /* DCMSearchResultCell.xib in Resources */,
			);
			runOnlyForDeploymentPostprocessing = 0;
		};
/* End PBXResourcesBuildPhase section */

/* Begin PBXSourcesBuildPhase section */
		BC3748B5155F4C6B0033BAC9 /* Sources */ = {
			isa = PBXSourcesBuildPhase;
			buildActionMask = 2147483647;
			files = (
				BC3748CA155F4C6C0033BAC9 /* main.m in Sources */,
				BC3748CE155F4C6C0033BAC9 /* DCMAppDelegate.m in Sources */,
				BC9F502B1B2543BC00594B10 /* DCMAllPerformersViewController.m in Sources */,
				BC3748E8155F60F10033BAC9 /* DCMAllShowsViewController.m in Sources */,
				BC3748EC155F62F00033BAC9 /* DCM.xcdatamodeld in Sources */,
				BC3748F0155F69720033BAC9 /* MBProgressHUD.m in Sources */,
				BC3748F4155F69BD0033BAC9 /* Performance.m in Sources */,
				95DDA7181AF9856B00387569 /* DCMVenuesMapViewController.m in Sources */,
				BC3748F7155F69D10033BAC9 /* Performer.m in Sources */,
				BC3748FD155F69EC0033BAC9 /* Venue.m in Sources */,
				BC374900155F6A8C0033BAC9 /* Show.m in Sources */,
				BC374903155F6B010033BAC9 /* DCMImportOperation.m in Sources */,
				BC9F502F1B255D6B00594B10 /* DCMPerformerScheduleViewController.m in Sources */,
				BC374907155F7BE90033BAC9 /* DCMDatabase.m in Sources */,
				BC37490D155F9B1F0033BAC9 /* DCMShowDetailViewController.m in Sources */,
				BC965C91156020BE00665E50 /* DCMUpcomingViewController.m in Sources */,
				BC965C95156036BA00665E50 /* FluxCapacitorViewController.m in Sources */,
				0F18531015681EF1007075E5 /* DCMFavoritesViewController.m in Sources */,
				BCEC5E6D157C34ED00BA8AAD /* DCMVenueScheduleViewController.m in Sources */,
				BC15F37F157C53DB00239CB8 /* DCMScheduleViewController.m in Sources */,
				BC31B93F1587D594005F9717 /* DCMDownload.m in Sources */,
				BCA413131B136BE800440316 /* NSDictionary+DCM.m in Sources */,
				BC94EF7815883A9F001CE7A8 /* DCMTableViewController.m in Sources */,
				BC249A301B2001400093604F /* DCMVenuesListViewController.m in Sources */,
				BCD9D13C158A7A0000BC9D0F /* WallClock.m in Sources */,
				BCD35DF7176E7D2000B8E799 /* DCMUtilities.m in Sources */,
				BCD35DFA176E8A4700B8E799 /* DCMTweetsViewController.m in Sources */,
			);
			runOnlyForDeploymentPostprocessing = 0;
		};
/* End PBXSourcesBuildPhase section */

/* Begin PBXVariantGroup section */
		BC3748C6155F4C6C0033BAC9 /* InfoPlist.strings */ = {
			isa = PBXVariantGroup;
			children = (
				BC3748C7155F4C6C0033BAC9 /* en */,
			);
			name = InfoPlist.strings;
			sourceTree = "<group>";
		};
		BC3748CF155F4C6C0033BAC9 /* MainStoryboard.storyboard */ = {
			isa = PBXVariantGroup;
			children = (
				BC3748D0155F4C6C0033BAC9 /* en */,
			);
			name = MainStoryboard.storyboard;
			sourceTree = "<group>";
		};
/* End PBXVariantGroup section */

/* Begin XCBuildConfiguration section */
		BC3748E0155F4C6C0033BAC9 /* Debug */ = {
			isa = XCBuildConfiguration;
			buildSettings = {
				ALWAYS_SEARCH_USER_PATHS = NO;
				CLANG_ENABLE_OBJC_ARC = YES;
				CLANG_WARN_BOOL_CONVERSION = YES;
				CLANG_WARN_CONSTANT_CONVERSION = YES;
				CLANG_WARN_EMPTY_BODY = YES;
				CLANG_WARN_ENUM_CONVERSION = YES;
				CLANG_WARN_INT_CONVERSION = YES;
				CLANG_WARN__DUPLICATE_METHOD_MATCH = YES;
				"CODE_SIGN_IDENTITY[sdk=iphoneos*]" = "iPhone Developer";
				COPY_PHASE_STRIP = NO;
				GCC_C_LANGUAGE_STANDARD = gnu99;
				GCC_DYNAMIC_NO_PIC = NO;
				GCC_OPTIMIZATION_LEVEL = 0;
				GCC_SYMBOLS_PRIVATE_EXTERN = NO;
				GCC_WARN_64_TO_32_BIT_CONVERSION = YES;
				GCC_WARN_ABOUT_RETURN_TYPE = YES;
				GCC_WARN_UNDECLARED_SELECTOR = YES;
				GCC_WARN_UNINITIALIZED_AUTOS = YES;
				GCC_WARN_UNUSED_FUNCTION = YES;
				GCC_WARN_UNUSED_VARIABLE = YES;
				IPHONEOS_DEPLOYMENT_TARGET = 6.1;
				ONLY_ACTIVE_ARCH = YES;
				SDKROOT = iphoneos;
			};
			name = Debug;
		};
		BC3748E1155F4C6C0033BAC9 /* Release */ = {
			isa = XCBuildConfiguration;
			buildSettings = {
				ALWAYS_SEARCH_USER_PATHS = NO;
				CLANG_ENABLE_OBJC_ARC = YES;
				CLANG_WARN_BOOL_CONVERSION = YES;
				CLANG_WARN_CONSTANT_CONVERSION = YES;
				CLANG_WARN_EMPTY_BODY = YES;
				CLANG_WARN_ENUM_CONVERSION = YES;
				CLANG_WARN_INT_CONVERSION = YES;
				CLANG_WARN__DUPLICATE_METHOD_MATCH = YES;
				"CODE_SIGN_IDENTITY[sdk=iphoneos*]" = "iPhone Distribution: Upright Citizens Brigade LLC (32985GSFL8)";
				COPY_PHASE_STRIP = YES;
				GCC_C_LANGUAGE_STANDARD = gnu99;
				GCC_WARN_64_TO_32_BIT_CONVERSION = YES;
				GCC_WARN_ABOUT_RETURN_TYPE = YES;
				GCC_WARN_UNDECLARED_SELECTOR = YES;
				GCC_WARN_UNINITIALIZED_AUTOS = YES;
				GCC_WARN_UNUSED_FUNCTION = YES;
				GCC_WARN_UNUSED_VARIABLE = YES;
				IPHONEOS_DEPLOYMENT_TARGET = 6.1;
				OTHER_CFLAGS = "-DNS_BLOCK_ASSERTIONS=1";
				SDKROOT = iphoneos;
			};
			name = Release;
		};
		BC3748E3155F4C6C0033BAC9 /* Debug */ = {
			isa = XCBuildConfiguration;
			buildSettings = {
				ASSETCATALOG_COMPILER_APPICON_NAME = AppIcon;
				ASSETCATALOG_COMPILER_LAUNCHIMAGE_NAME = LaunchImage;
				CODE_SIGN_IDENTITY = "iPhone Developer";
				"CODE_SIGN_IDENTITY[sdk=iphoneos*]" = "iPhone Developer";
				GCC_PRECOMPILE_PREFIX_HEADER = YES;
				GCC_PREFIX_HEADER = "DCM/DCM-Prefix.pch";
				INFOPLIST_FILE = "DCM/DCM-Info.plist";
				LIBRARY_SEARCH_PATHS = "$(inherited)";
				PRODUCT_NAME = "$(TARGET_NAME)";
				PROVISIONING_PROFILE = "";
				WRAPPER_EXTENSION = app;
			};
			name = Debug;
		};
		BC3748E4155F4C6C0033BAC9 /* Release */ = {
			isa = XCBuildConfiguration;
			buildSettings = {
				ASSETCATALOG_COMPILER_APPICON_NAME = AppIcon;
				ASSETCATALOG_COMPILER_LAUNCHIMAGE_NAME = LaunchImage;
				CODE_SIGN_IDENTITY = "iPhone Developer";
				"CODE_SIGN_IDENTITY[sdk=iphoneos*]" = "iPhone Developer";
				GCC_PRECOMPILE_PREFIX_HEADER = YES;
				GCC_PREFIX_HEADER = "DCM/DCM-Prefix.pch";
				INFOPLIST_FILE = "DCM/DCM-Info.plist";
				LIBRARY_SEARCH_PATHS = "$(inherited)";
				PRODUCT_NAME = "$(TARGET_NAME)";
				PROVISIONING_PROFILE = "";
				WRAPPER_EXTENSION = app;
			};
			name = Release;
		};
/* End XCBuildConfiguration section */

/* Begin XCConfigurationList section */
		BC3748B3155F4C6B0033BAC9 /* Build configuration list for PBXProject "DCM" */ = {
			isa = XCConfigurationList;
			buildConfigurations = (
				BC3748E0155F4C6C0033BAC9 /* Debug */,
				BC3748E1155F4C6C0033BAC9 /* Release */,
			);
			defaultConfigurationIsVisible = 0;
			defaultConfigurationName = Release;
		};
		BC3748E2155F4C6C0033BAC9 /* Build configuration list for PBXNativeTarget "DCM" */ = {
			isa = XCConfigurationList;
			buildConfigurations = (
				BC3748E3155F4C6C0033BAC9 /* Debug */,
				BC3748E4155F4C6C0033BAC9 /* Release */,
			);
			defaultConfigurationIsVisible = 0;
			defaultConfigurationName = Release;
		};
/* End XCConfigurationList section */

/* Begin XCVersionGroup section */
		BC3748EA155F62F00033BAC9 /* DCM.xcdatamodeld */ = {
			isa = XCVersionGroup;
			children = (
				BC3748EB155F62F00033BAC9 /* DCM.xcdatamodel */,
			);
			currentVersion = BC3748EB155F62F00033BAC9 /* DCM.xcdatamodel */;
			path = DCM.xcdatamodeld;
			sourceTree = "<group>";
			versionGroupType = wrapper.xcdatamodel;
		};
/* End XCVersionGroup section */
	};
	rootObject = BC3748B0155F4C6B0033BAC9 /* Project object */;
}
