// !$*UTF8*$!
{
	archiveVersion = 1;
	classes = {
	};
	objectVersion = 46;
	objects = {

/* Begin PBXBuildFile section */
		0F18531015681EF1007075E5 /* DCMFavoritesViewController.m in Sources */ = {isa = PBXBuildFile; fileRef = 0F18530F15681EF1007075E5 /* DCMFavoritesViewController.m */; };
		BC15F37F157C53DB00239CB8 /* DCMScheduleViewController.m in Sources */ = {isa = PBXBuildFile; fileRef = BC15F37E157C53DB00239CB8 /* DCMScheduleViewController.m */; };
		BC31B93F1587D594005F9717 /* DCMDownload.m in Sources */ = {isa = PBXBuildFile; fileRef = BC31B93E1587D593005F9717 /* DCMDownload.m */; };
		BC3748BE155F4C6C0033BAC9 /* UIKit.framework in Frameworks */ = {isa = PBXBuildFile; fileRef = BC3748BD155F4C6C0033BAC9 /* UIKit.framework */; };
		BC3748C0155F4C6C0033BAC9 /* Foundation.framework in Frameworks */ = {isa = PBXBuildFile; fileRef = BC3748BF155F4C6C0033BAC9 /* Foundation.framework */; };
		BC3748C2155F4C6C0033BAC9 /* CoreGraphics.framework in Frameworks */ = {isa = PBXBuildFile; fileRef = BC3748C1155F4C6C0033BAC9 /* CoreGraphics.framework */; };
		BC3748C8155F4C6C0033BAC9 /* InfoPlist.strings in Resources */ = {isa = PBXBuildFile; fileRef = BC3748C6155F4C6C0033BAC9 /* InfoPlist.strings */; };
		BC3748CA155F4C6C0033BAC9 /* main.m in Sources */ = {isa = PBXBuildFile; fileRef = BC3748C9155F4C6C0033BAC9 /* main.m */; };
		BC3748CE155F4C6C0033BAC9 /* DCMAppDelegate.m in Sources */ = {isa = PBXBuildFile; fileRef = BC3748CD155F4C6C0033BAC9 /* DCMAppDelegate.m */; };
		BC3748D1155F4C6C0033BAC9 /* MainStoryboard.storyboard in Resources */ = {isa = PBXBuildFile; fileRef = BC3748CF155F4C6C0033BAC9 /* MainStoryboard.storyboard */; };
		BC3748E8155F60F10033BAC9 /* DCMAllShowsViewController.m in Sources */ = {isa = PBXBuildFile; fileRef = BC3748E7155F60F10033BAC9 /* DCMAllShowsViewController.m */; };
		BC3748EC155F62F00033BAC9 /* DCM.xcdatamodeld in Sources */ = {isa = PBXBuildFile; fileRef = BC3748EA155F62F00033BAC9 /* DCM.xcdatamodeld */; };
		BC3748F0155F69720033BAC9 /* MBProgressHUD.m in Sources */ = {isa = PBXBuildFile; fileRef = BC3748EF155F69720033BAC9 /* MBProgressHUD.m */; };
		BC3748F4155F69BD0033BAC9 /* Performance.m in Sources */ = {isa = PBXBuildFile; fileRef = BC3748F3155F69BD0033BAC9 /* Performance.m */; };
		BC3748F7155F69D10033BAC9 /* Performer.m in Sources */ = {isa = PBXBuildFile; fileRef = BC3748F6155F69D10033BAC9 /* Performer.m */; };
		BC3748FD155F69EC0033BAC9 /* Venue.m in Sources */ = {isa = PBXBuildFile; fileRef = BC3748FC155F69EC0033BAC9 /* Venue.m */; };
		BC374900155F6A8C0033BAC9 /* Show.m in Sources */ = {isa = PBXBuildFile; fileRef = BC3748FF155F6A8C0033BAC9 /* Show.m */; };
		BC374903155F6B010033BAC9 /* DCMImportOperation.m in Sources */ = {isa = PBXBuildFile; fileRef = BC374902155F6B010033BAC9 /* DCMImportOperation.m */; };
		BC374907155F7BE90033BAC9 /* DCMDatabase.m in Sources */ = {isa = PBXBuildFile; fileRef = BC374906155F7BE90033BAC9 /* DCMDatabase.m */; };
		BC37490A155F8A030033BAC9 /* CoreData.framework in Frameworks */ = {isa = PBXBuildFile; fileRef = BC374909155F8A030033BAC9 /* CoreData.framework */; };
		BC37490D155F9B1F0033BAC9 /* DCMShowDetailViewController.m in Sources */ = {isa = PBXBuildFile; fileRef = BC37490C155F9B1E0033BAC9 /* DCMShowDetailViewController.m */; };
		BC374911155FA64C0033BAC9 /* DCMAllVenuesViewController.m in Sources */ = {isa = PBXBuildFile; fileRef = BC374910155FA64B0033BAC9 /* DCMAllVenuesViewController.m */; };
		BC374914155FA65F0033BAC9 /* DCMVenueDetailViewController.m in Sources */ = {isa = PBXBuildFile; fileRef = BC374913155FA65F0033BAC9 /* DCMVenueDetailViewController.m */; };
		BC37491E155FB0A40033BAC9 /* Masks.png in Resources */ = {isa = PBXBuildFile; fileRef = BC374918155FB0A40033BAC9 /* Masks.png */; };
		BC37491F155FB0A40033BAC9 /* Masks@2x.png in Resources */ = {isa = PBXBuildFile; fileRef = BC374919155FB0A40033BAC9 /* Masks@2x.png */; };
		BC374920155FB0A40033BAC9 /* Person.png in Resources */ = {isa = PBXBuildFile; fileRef = BC37491A155FB0A40033BAC9 /* Person.png */; };
		BC374921155FB0A40033BAC9 /* Person@2x.png in Resources */ = {isa = PBXBuildFile; fileRef = BC37491B155FB0A40033BAC9 /* Person@2x.png */; };
		BC94EF7815883A9F001CE7A8 /* DCMTableViewController.m in Sources */ = {isa = PBXBuildFile; fileRef = BC94EF7715883A9F001CE7A8 /* DCMTableViewController.m */; };
		BC94EF7C158849FC001CE7A8 /* Heart.png in Resources */ = {isa = PBXBuildFile; fileRef = BC94EF7A158849FC001CE7A8 /* Heart.png */; };
		BC94EF7D158849FC001CE7A8 /* Heart@2x.png in Resources */ = {isa = PBXBuildFile; fileRef = BC94EF7B158849FC001CE7A8 /* Heart@2x.png */; };
		BC94EF80158856FC001CE7A8 /* Ticket.png in Resources */ = {isa = PBXBuildFile; fileRef = BC94EF7E158856FC001CE7A8 /* Ticket.png */; };
		BC94EF81158856FC001CE7A8 /* Ticket@2x.png in Resources */ = {isa = PBXBuildFile; fileRef = BC94EF7F158856FC001CE7A8 /* Ticket@2x.png */; };
		BC94EF84158858A1001CE7A8 /* Barrier.png in Resources */ = {isa = PBXBuildFile; fileRef = BC94EF82158858A1001CE7A8 /* Barrier.png */; };
		BC94EF85158858A1001CE7A8 /* Barrier@2x.png in Resources */ = {isa = PBXBuildFile; fileRef = BC94EF83158858A1001CE7A8 /* Barrier@2x.png */; };
		BC94EF8A15885AA9001CE7A8 /* List.png in Resources */ = {isa = PBXBuildFile; fileRef = BC94EF8615885AA7001CE7A8 /* List.png */; };
		BC94EF8B15885AA9001CE7A8 /* List@2x.png in Resources */ = {isa = PBXBuildFile; fileRef = BC94EF8715885AA7001CE7A8 /* List@2x.png */; };
		BC94EF8C15885AA9001CE7A8 /* Pin.png in Resources */ = {isa = PBXBuildFile; fileRef = BC94EF8815885AA8001CE7A8 /* Pin.png */; };
		BC94EF8D15885AA9001CE7A8 /* Pin@2x.png in Resources */ = {isa = PBXBuildFile; fileRef = BC94EF8915885AA9001CE7A8 /* Pin@2x.png */; };
		BC94EF93158918CC001CE7A8 /* libTestFlight.a in Frameworks */ = {isa = PBXBuildFile; fileRef = BC94EF8F158918CC001CE7A8 /* libTestFlight.a */; };
		BC94EF9715891EBB001CE7A8 /* libz.dylib in Frameworks */ = {isa = PBXBuildFile; fileRef = BC94EF9615891EBB001CE7A8 /* libz.dylib */; };
		BC965C91156020BE00665E50 /* DCMUpcomingViewController.m in Sources */ = {isa = PBXBuildFile; fileRef = BC965C90156020BE00665E50 /* DCMUpcomingViewController.m */; };
		BC965C95156036BA00665E50 /* FluxCapacitorViewController.m in Sources */ = {isa = PBXBuildFile; fileRef = BC965C94156036BA00665E50 /* FluxCapacitorViewController.m */; };
		BC965C981560B91300665E50 /* Icon.png in Resources */ = {isa = PBXBuildFile; fileRef = BC965C961560B91300665E50 /* Icon.png */; };
		BC965C991560B91300665E50 /* Icon@2x.png in Resources */ = {isa = PBXBuildFile; fileRef = BC965C971560B91300665E50 /* Icon@2x.png */; };
		BC965C9C1560BD5400665E50 /* Glasses.png in Resources */ = {isa = PBXBuildFile; fileRef = BC965C9A1560BD5400665E50 /* Glasses.png */; };
		BC965C9D1560BD5400665E50 /* Glasses@2x.png in Resources */ = {isa = PBXBuildFile; fileRef = BC965C9B1560BD5400665E50 /* Glasses@2x.png */; };
		BC965CA61560C24600665E50 /* Heart0.png in Resources */ = {isa = PBXBuildFile; fileRef = BC965CA21560C24600665E50 /* Heart0.png */; };
		BC965CA71560C24600665E50 /* Heart0@2x.png in Resources */ = {isa = PBXBuildFile; fileRef = BC965CA31560C24600665E50 /* Heart0@2x.png */; };
		BC965CA81560C24600665E50 /* Heart1.png in Resources */ = {isa = PBXBuildFile; fileRef = BC965CA41560C24600665E50 /* Heart1.png */; };
		BC965CA91560C24600665E50 /* Heart1@2x.png in Resources */ = {isa = PBXBuildFile; fileRef = BC965CA51560C24600665E50 /* Heart1@2x.png */; };
		BCB86A411585835300DD48E7 /* CountdownView.xib in Resources */ = {isa = PBXBuildFile; fileRef = BCB86A401585835300DD48E7 /* CountdownView.xib */; };
		BCB86A441585A18B00DD48E7 /* LabelSetView.m in Sources */ = {isa = PBXBuildFile; fileRef = BCB86A431585A18B00DD48E7 /* LabelSetView.m */; };
		BCEC5E69157C327500BA8AAD /* DCMVenueViewController.m in Sources */ = {isa = PBXBuildFile; fileRef = BCEC5E68157C327500BA8AAD /* DCMVenueViewController.m */; };
		BCEC5E6D157C34ED00BA8AAD /* DCMVenueScheduleViewController.m in Sources */ = {isa = PBXBuildFile; fileRef = BCEC5E6C157C34ED00BA8AAD /* DCMVenueScheduleViewController.m */; };
/* End PBXBuildFile section */

/* Begin PBXFileReference section */
		0F18530E15681EF1007075E5 /* DCMFavoritesViewController.h */ = {isa = PBXFileReference; fileEncoding = 4; lastKnownFileType = sourcecode.c.h; path = DCMFavoritesViewController.h; sourceTree = "<group>"; };
		0F18530F15681EF1007075E5 /* DCMFavoritesViewController.m */ = {isa = PBXFileReference; fileEncoding = 4; lastKnownFileType = sourcecode.c.objc; path = DCMFavoritesViewController.m; sourceTree = "<group>"; };
		BC15F37D157C53DB00239CB8 /* DCMScheduleViewController.h */ = {isa = PBXFileReference; fileEncoding = 4; lastKnownFileType = sourcecode.c.h; path = DCMScheduleViewController.h; sourceTree = "<group>"; };
		BC15F37E157C53DB00239CB8 /* DCMScheduleViewController.m */ = {isa = PBXFileReference; fileEncoding = 4; lastKnownFileType = sourcecode.c.objc; path = DCMScheduleViewController.m; sourceTree = "<group>"; };
		BC31B93A1587B778005F9717 /* schedule-meta.plist */ = {isa = PBXFileReference; fileEncoding = 4; lastKnownFileType = text.plist.xml; path = "schedule-meta.plist"; sourceTree = "<group>"; };
		BC31B93D1587D593005F9717 /* DCMDownload.h */ = {isa = PBXFileReference; fileEncoding = 4; lastKnownFileType = sourcecode.c.h; path = DCMDownload.h; sourceTree = "<group>"; };
		BC31B93E1587D593005F9717 /* DCMDownload.m */ = {isa = PBXFileReference; fileEncoding = 4; lastKnownFileType = sourcecode.c.objc; path = DCMDownload.m; sourceTree = "<group>"; };
		BC3748B9155F4C6C0033BAC9 /* DCM.app */ = {isa = PBXFileReference; explicitFileType = wrapper.application; includeInIndex = 0; path = DCM.app; sourceTree = BUILT_PRODUCTS_DIR; };
		BC3748BD155F4C6C0033BAC9 /* UIKit.framework */ = {isa = PBXFileReference; lastKnownFileType = wrapper.framework; name = UIKit.framework; path = System/Library/Frameworks/UIKit.framework; sourceTree = SDKROOT; };
		BC3748BF155F4C6C0033BAC9 /* Foundation.framework */ = {isa = PBXFileReference; lastKnownFileType = wrapper.framework; name = Foundation.framework; path = System/Library/Frameworks/Foundation.framework; sourceTree = SDKROOT; };
		BC3748C1155F4C6C0033BAC9 /* CoreGraphics.framework */ = {isa = PBXFileReference; lastKnownFileType = wrapper.framework; name = CoreGraphics.framework; path = System/Library/Frameworks/CoreGraphics.framework; sourceTree = SDKROOT; };
		BC3748C5155F4C6C0033BAC9 /* DCM-Info.plist */ = {isa = PBXFileReference; lastKnownFileType = text.plist.xml; path = "DCM-Info.plist"; sourceTree = "<group>"; };
		BC3748C7155F4C6C0033BAC9 /* en */ = {isa = PBXFileReference; lastKnownFileType = text.plist.strings; name = en; path = en.lproj/InfoPlist.strings; sourceTree = "<group>"; };
		BC3748C9155F4C6C0033BAC9 /* main.m */ = {isa = PBXFileReference; lastKnownFileType = sourcecode.c.objc; path = main.m; sourceTree = "<group>"; };
		BC3748CB155F4C6C0033BAC9 /* DCM-Prefix.pch */ = {isa = PBXFileReference; lastKnownFileType = sourcecode.c.h; path = "DCM-Prefix.pch"; sourceTree = "<group>"; };
		BC3748CC155F4C6C0033BAC9 /* DCMAppDelegate.h */ = {isa = PBXFileReference; lastKnownFileType = sourcecode.c.h; path = DCMAppDelegate.h; sourceTree = "<group>"; };
		BC3748CD155F4C6C0033BAC9 /* DCMAppDelegate.m */ = {isa = PBXFileReference; lastKnownFileType = sourcecode.c.objc; path = DCMAppDelegate.m; sourceTree = "<group>"; };
		BC3748D0155F4C6C0033BAC9 /* en */ = {isa = PBXFileReference; lastKnownFileType = file.storyboard; name = en; path = en.lproj/MainStoryboard.storyboard; sourceTree = "<group>"; };
		BC3748E5155F4D0E0033BAC9 /* README.md */ = {isa = PBXFileReference; lastKnownFileType = text; path = README.md; sourceTree = "<group>"; };
		BC3748E6155F60F10033BAC9 /* DCMAllShowsViewController.h */ = {isa = PBXFileReference; fileEncoding = 4; lastKnownFileType = sourcecode.c.h; path = DCMAllShowsViewController.h; sourceTree = "<group>"; };
		BC3748E7155F60F10033BAC9 /* DCMAllShowsViewController.m */ = {isa = PBXFileReference; fileEncoding = 4; lastKnownFileType = sourcecode.c.objc; path = DCMAllShowsViewController.m; sourceTree = "<group>"; };
		BC3748E9155F62D50033BAC9 /* schedule.json */ = {isa = PBXFileReference; lastKnownFileType = text.json; path = schedule.json; sourceTree = "<group>"; };
		BC3748EB155F62F00033BAC9 /* DCM.xcdatamodel */ = {isa = PBXFileReference; lastKnownFileType = wrapper.xcdatamodel; path = DCM.xcdatamodel; sourceTree = "<group>"; };
		BC3748EE155F69720033BAC9 /* MBProgressHUD.h */ = {isa = PBXFileReference; fileEncoding = 4; lastKnownFileType = sourcecode.c.h; name = MBProgressHUD.h; path = MBProgressHUD/MBProgressHUD.h; sourceTree = "<group>"; };
		BC3748EF155F69720033BAC9 /* MBProgressHUD.m */ = {isa = PBXFileReference; fileEncoding = 4; lastKnownFileType = sourcecode.c.objc; name = MBProgressHUD.m; path = MBProgressHUD/MBProgressHUD.m; sourceTree = "<group>"; };
		BC3748F2155F69BD0033BAC9 /* Performance.h */ = {isa = PBXFileReference; fileEncoding = 4; lastKnownFileType = sourcecode.c.h; path = Performance.h; sourceTree = "<group>"; };
		BC3748F3155F69BD0033BAC9 /* Performance.m */ = {isa = PBXFileReference; fileEncoding = 4; lastKnownFileType = sourcecode.c.objc; path = Performance.m; sourceTree = "<group>"; };
		BC3748F5155F69D10033BAC9 /* Performer.h */ = {isa = PBXFileReference; fileEncoding = 4; lastKnownFileType = sourcecode.c.h; path = Performer.h; sourceTree = "<group>"; };
		BC3748F6155F69D10033BAC9 /* Performer.m */ = {isa = PBXFileReference; fileEncoding = 4; lastKnownFileType = sourcecode.c.objc; path = Performer.m; sourceTree = "<group>"; };
		BC3748FB155F69EC0033BAC9 /* Venue.h */ = {isa = PBXFileReference; fileEncoding = 4; lastKnownFileType = sourcecode.c.h; path = Venue.h; sourceTree = "<group>"; };
		BC3748FC155F69EC0033BAC9 /* Venue.m */ = {isa = PBXFileReference; fileEncoding = 4; lastKnownFileType = sourcecode.c.objc; path = Venue.m; sourceTree = "<group>"; };
		BC3748FE155F6A8C0033BAC9 /* Show.h */ = {isa = PBXFileReference; fileEncoding = 4; lastKnownFileType = sourcecode.c.h; path = Show.h; sourceTree = "<group>"; };
		BC3748FF155F6A8C0033BAC9 /* Show.m */ = {isa = PBXFileReference; fileEncoding = 4; lastKnownFileType = sourcecode.c.objc; path = Show.m; sourceTree = "<group>"; };
		BC374901155F6B010033BAC9 /* DCMImportOperation.h */ = {isa = PBXFileReference; fileEncoding = 4; lastKnownFileType = sourcecode.c.h; path = DCMImportOperation.h; sourceTree = "<group>"; };
		BC374902155F6B010033BAC9 /* DCMImportOperation.m */ = {isa = PBXFileReference; fileEncoding = 4; lastKnownFileType = sourcecode.c.objc; path = DCMImportOperation.m; sourceTree = "<group>"; };
		BC374905155F7BE90033BAC9 /* DCMDatabase.h */ = {isa = PBXFileReference; fileEncoding = 4; lastKnownFileType = sourcecode.c.h; path = DCMDatabase.h; sourceTree = "<group>"; };
		BC374906155F7BE90033BAC9 /* DCMDatabase.m */ = {isa = PBXFileReference; fileEncoding = 4; lastKnownFileType = sourcecode.c.objc; path = DCMDatabase.m; sourceTree = "<group>"; };
		BC374909155F8A030033BAC9 /* CoreData.framework */ = {isa = PBXFileReference; lastKnownFileType = wrapper.framework; name = CoreData.framework; path = System/Library/Frameworks/CoreData.framework; sourceTree = SDKROOT; };
		BC37490B155F9B1E0033BAC9 /* DCMShowDetailViewController.h */ = {isa = PBXFileReference; fileEncoding = 4; lastKnownFileType = sourcecode.c.h; path = DCMShowDetailViewController.h; sourceTree = "<group>"; };
		BC37490C155F9B1E0033BAC9 /* DCMShowDetailViewController.m */ = {isa = PBXFileReference; fileEncoding = 4; lastKnownFileType = sourcecode.c.objc; path = DCMShowDetailViewController.m; sourceTree = "<group>"; };
		BC37490F155FA64B0033BAC9 /* DCMAllVenuesViewController.h */ = {isa = PBXFileReference; fileEncoding = 4; lastKnownFileType = sourcecode.c.h; path = DCMAllVenuesViewController.h; sourceTree = "<group>"; };
		BC374910155FA64B0033BAC9 /* DCMAllVenuesViewController.m */ = {isa = PBXFileReference; fileEncoding = 4; lastKnownFileType = sourcecode.c.objc; path = DCMAllVenuesViewController.m; sourceTree = "<group>"; };
		BC374912155FA65F0033BAC9 /* DCMVenueDetailViewController.h */ = {isa = PBXFileReference; fileEncoding = 4; lastKnownFileType = sourcecode.c.h; path = DCMVenueDetailViewController.h; sourceTree = "<group>"; };
		BC374913155FA65F0033BAC9 /* DCMVenueDetailViewController.m */ = {isa = PBXFileReference; fileEncoding = 4; lastKnownFileType = sourcecode.c.objc; path = DCMVenueDetailViewController.m; sourceTree = "<group>"; };
		BC374918155FB0A40033BAC9 /* Masks.png */ = {isa = PBXFileReference; lastKnownFileType = image.png; path = Masks.png; sourceTree = "<group>"; };
		BC374919155FB0A40033BAC9 /* Masks@2x.png */ = {isa = PBXFileReference; lastKnownFileType = image.png; path = "Masks@2x.png"; sourceTree = "<group>"; };
		BC37491A155FB0A40033BAC9 /* Person.png */ = {isa = PBXFileReference; lastKnownFileType = image.png; path = Person.png; sourceTree = "<group>"; };
		BC37491B155FB0A40033BAC9 /* Person@2x.png */ = {isa = PBXFileReference; lastKnownFileType = image.png; path = "Person@2x.png"; sourceTree = "<group>"; };
		BC94EF7615883A9F001CE7A8 /* DCMTableViewController.h */ = {isa = PBXFileReference; fileEncoding = 4; lastKnownFileType = sourcecode.c.h; path = DCMTableViewController.h; sourceTree = "<group>"; };
		BC94EF7715883A9F001CE7A8 /* DCMTableViewController.m */ = {isa = PBXFileReference; fileEncoding = 4; lastKnownFileType = sourcecode.c.objc; path = DCMTableViewController.m; sourceTree = "<group>"; };
		BC94EF7A158849FC001CE7A8 /* Heart.png */ = {isa = PBXFileReference; lastKnownFileType = image.png; path = Heart.png; sourceTree = "<group>"; };
		BC94EF7B158849FC001CE7A8 /* Heart@2x.png */ = {isa = PBXFileReference; lastKnownFileType = image.png; path = "Heart@2x.png"; sourceTree = "<group>"; };
		BC94EF7E158856FC001CE7A8 /* Ticket.png */ = {isa = PBXFileReference; lastKnownFileType = image.png; path = Ticket.png; sourceTree = "<group>"; };
		BC94EF7F158856FC001CE7A8 /* Ticket@2x.png */ = {isa = PBXFileReference; lastKnownFileType = image.png; path = "Ticket@2x.png"; sourceTree = "<group>"; };
		BC94EF82158858A1001CE7A8 /* Barrier.png */ = {isa = PBXFileReference; lastKnownFileType = image.png; path = Barrier.png; sourceTree = "<group>"; };
		BC94EF83158858A1001CE7A8 /* Barrier@2x.png */ = {isa = PBXFileReference; lastKnownFileType = image.png; path = "Barrier@2x.png"; sourceTree = "<group>"; };
		BC94EF8615885AA7001CE7A8 /* List.png */ = {isa = PBXFileReference; lastKnownFileType = image.png; path = List.png; sourceTree = "<group>"; };
		BC94EF8715885AA7001CE7A8 /* List@2x.png */ = {isa = PBXFileReference; lastKnownFileType = image.png; path = "List@2x.png"; sourceTree = "<group>"; };
		BC94EF8815885AA8001CE7A8 /* Pin.png */ = {isa = PBXFileReference; lastKnownFileType = image.png; path = Pin.png; sourceTree = "<group>"; };
		BC94EF8915885AA9001CE7A8 /* Pin@2x.png */ = {isa = PBXFileReference; lastKnownFileType = image.png; path = "Pin@2x.png"; sourceTree = "<group>"; };
		BC94EF8F158918CC001CE7A8 /* libTestFlight.a */ = {isa = PBXFileReference; lastKnownFileType = archive.ar; path = libTestFlight.a; sourceTree = "<group>"; };
		BC94EF90158918CC001CE7A8 /* README.txt */ = {isa = PBXFileReference; fileEncoding = 4; lastKnownFileType = text; path = README.txt; sourceTree = "<group>"; };
		BC94EF91158918CC001CE7A8 /* release_notes.txt */ = {isa = PBXFileReference; fileEncoding = 4; lastKnownFileType = text; path = release_notes.txt; sourceTree = "<group>"; };
		BC94EF92158918CC001CE7A8 /* TestFlight.h */ = {isa = PBXFileReference; fileEncoding = 4; lastKnownFileType = sourcecode.c.h; path = TestFlight.h; sourceTree = "<group>"; };
		BC94EF9615891EBB001CE7A8 /* libz.dylib */ = {isa = PBXFileReference; lastKnownFileType = "compiled.mach-o.dylib"; name = libz.dylib; path = usr/lib/libz.dylib; sourceTree = SDKROOT; };
		BC965C8F156020BE00665E50 /* DCMUpcomingViewController.h */ = {isa = PBXFileReference; fileEncoding = 4; lastKnownFileType = sourcecode.c.h; path = DCMUpcomingViewController.h; sourceTree = "<group>"; };
		BC965C90156020BE00665E50 /* DCMUpcomingViewController.m */ = {isa = PBXFileReference; fileEncoding = 4; lastKnownFileType = sourcecode.c.objc; path = DCMUpcomingViewController.m; sourceTree = "<group>"; };
		BC965C93156036BA00665E50 /* FluxCapacitorViewController.h */ = {isa = PBXFileReference; fileEncoding = 4; lastKnownFileType = sourcecode.c.h; path = FluxCapacitorViewController.h; sourceTree = "<group>"; };
		BC965C94156036BA00665E50 /* FluxCapacitorViewController.m */ = {isa = PBXFileReference; fileEncoding = 4; lastKnownFileType = sourcecode.c.objc; path = FluxCapacitorViewController.m; sourceTree = "<group>"; };
		BC965C961560B91300665E50 /* Icon.png */ = {isa = PBXFileReference; lastKnownFileType = image.png; path = Icon.png; sourceTree = "<group>"; };
		BC965C971560B91300665E50 /* Icon@2x.png */ = {isa = PBXFileReference; lastKnownFileType = image.png; path = "Icon@2x.png"; sourceTree = "<group>"; };
		BC965C9A1560BD5400665E50 /* Glasses.png */ = {isa = PBXFileReference; lastKnownFileType = image.png; path = Glasses.png; sourceTree = "<group>"; };
		BC965C9B1560BD5400665E50 /* Glasses@2x.png */ = {isa = PBXFileReference; lastKnownFileType = image.png; path = "Glasses@2x.png"; sourceTree = "<group>"; };
		BC965CA21560C24600665E50 /* Heart0.png */ = {isa = PBXFileReference; lastKnownFileType = image.png; path = Heart0.png; sourceTree = "<group>"; };
		BC965CA31560C24600665E50 /* Heart0@2x.png */ = {isa = PBXFileReference; lastKnownFileType = image.png; path = "Heart0@2x.png"; sourceTree = "<group>"; };
		BC965CA41560C24600665E50 /* Heart1.png */ = {isa = PBXFileReference; lastKnownFileType = image.png; path = Heart1.png; sourceTree = "<group>"; };
		BC965CA51560C24600665E50 /* Heart1@2x.png */ = {isa = PBXFileReference; lastKnownFileType = image.png; path = "Heart1@2x.png"; sourceTree = "<group>"; };
		BCB86A401585835300DD48E7 /* CountdownView.xib */ = {isa = PBXFileReference; fileEncoding = 4; lastKnownFileType = file.xib; path = CountdownView.xib; sourceTree = "<group>"; };
		BCB86A421585A18B00DD48E7 /* LabelSetView.h */ = {isa = PBXFileReference; fileEncoding = 4; lastKnownFileType = sourcecode.c.h; path = LabelSetView.h; sourceTree = "<group>"; };
		BCB86A431585A18B00DD48E7 /* LabelSetView.m */ = {isa = PBXFileReference; fileEncoding = 4; lastKnownFileType = sourcecode.c.objc; path = LabelSetView.m; sourceTree = "<group>"; };
		BCC90100157D730900F94409 /* DCM.entitlements */ = {isa = PBXFileReference; lastKnownFileType = text.xml; path = DCM.entitlements; sourceTree = "<group>"; };
		BCEC5E67157C327500BA8AAD /* DCMVenueViewController.h */ = {isa = PBXFileReference; fileEncoding = 4; lastKnownFileType = sourcecode.c.h; path = DCMVenueViewController.h; sourceTree = "<group>"; };
		BCEC5E68157C327500BA8AAD /* DCMVenueViewController.m */ = {isa = PBXFileReference; fileEncoding = 4; lastKnownFileType = sourcecode.c.objc; path = DCMVenueViewController.m; sourceTree = "<group>"; };
		BCEC5E6B157C34ED00BA8AAD /* DCMVenueScheduleViewController.h */ = {isa = PBXFileReference; fileEncoding = 4; lastKnownFileType = sourcecode.c.h; path = DCMVenueScheduleViewController.h; sourceTree = "<group>"; };
		BCEC5E6C157C34ED00BA8AAD /* DCMVenueScheduleViewController.m */ = {isa = PBXFileReference; fileEncoding = 4; lastKnownFileType = sourcecode.c.objc; path = DCMVenueScheduleViewController.m; sourceTree = "<group>"; };
/* End PBXFileReference section */

/* Begin PBXFrameworksBuildPhase section */
		BC3748B6155F4C6B0033BAC9 /* Frameworks */ = {
			isa = PBXFrameworksBuildPhase;
			buildActionMask = 2147483647;
			files = (
				BC37490A155F8A030033BAC9 /* CoreData.framework in Frameworks */,
				BC3748BE155F4C6C0033BAC9 /* UIKit.framework in Frameworks */,
				BC3748C0155F4C6C0033BAC9 /* Foundation.framework in Frameworks */,
				BC3748C2155F4C6C0033BAC9 /* CoreGraphics.framework in Frameworks */,
				BC94EF93158918CC001CE7A8 /* libTestFlight.a in Frameworks */,
				BC94EF9715891EBB001CE7A8 /* libz.dylib in Frameworks */,
			);
			runOnlyForDeploymentPostprocessing = 0;
		};
/* End PBXFrameworksBuildPhase section */

/* Begin PBXGroup section */
		BC3748AE155F4C6B0033BAC9 = {
			isa = PBXGroup;
			children = (
				BC3748E9155F62D50033BAC9 /* schedule.json */,
				BC31B93A1587B778005F9717 /* schedule-meta.plist */,
				BC3748E5155F4D0E0033BAC9 /* README.md */,
				BC3748C3155F4C6C0033BAC9 /* DCM */,
				BC3748ED155F69580033BAC9 /* MBProgressHUD */,
				BC94EF8E158918CB001CE7A8 /* TestFlightSDK */,
				BC3748BC155F4C6C0033BAC9 /* Frameworks */,
				BC3748BA155F4C6C0033BAC9 /* Products */,
			);
			sourceTree = "<group>";
		};
		BC3748BA155F4C6C0033BAC9 /* Products */ = {
			isa = PBXGroup;
			children = (
				BC3748B9155F4C6C0033BAC9 /* DCM.app */,
			);
			name = Products;
			sourceTree = "<group>";
		};
		BC3748BC155F4C6C0033BAC9 /* Frameworks */ = {
			isa = PBXGroup;
			children = (
				BC94EF9615891EBB001CE7A8 /* libz.dylib */,
				BC374909155F8A030033BAC9 /* CoreData.framework */,
				BC3748BD155F4C6C0033BAC9 /* UIKit.framework */,
				BC3748BF155F4C6C0033BAC9 /* Foundation.framework */,
				BC3748C1155F4C6C0033BAC9 /* CoreGraphics.framework */,
			);
			name = Frameworks;
			sourceTree = "<group>";
		};
		BC3748C3155F4C6C0033BAC9 /* DCM */ = {
			isa = PBXGroup;
			children = (
				BC3748CC155F4C6C0033BAC9 /* DCMAppDelegate.h */,
				BC3748CD155F4C6C0033BAC9 /* DCMAppDelegate.m */,
				BC374905155F7BE90033BAC9 /* DCMDatabase.h */,
				BC374906155F7BE90033BAC9 /* DCMDatabase.m */,
				BC31B93D1587D593005F9717 /* DCMDownload.h */,
				BC31B93E1587D593005F9717 /* DCMDownload.m */,
				BC374901155F6B010033BAC9 /* DCMImportOperation.h */,
				BC374902155F6B010033BAC9 /* DCMImportOperation.m */,
				BCB86A421585A18B00DD48E7 /* LabelSetView.h */,
				BCB86A431585A18B00DD48E7 /* LabelSetView.m */,
				BC3748F1155F698F0033BAC9 /* Data Model */,
				BC37490E155F9B2C0033BAC9 /* View Controllers */,
				BC374915155FAF140033BAC9 /* Images */,
				BC3748C4155F4C6C0033BAC9 /* Supporting Files */,
			);
			path = DCM;
			sourceTree = "<group>";
		};
		BC3748C4155F4C6C0033BAC9 /* Supporting Files */ = {
			isa = PBXGroup;
			children = (
				BCC90100157D730900F94409 /* DCM.entitlements */,
				BC3748C5155F4C6C0033BAC9 /* DCM-Info.plist */,
				BC3748C6155F4C6C0033BAC9 /* InfoPlist.strings */,
				BC3748C9155F4C6C0033BAC9 /* main.m */,
				BC3748CB155F4C6C0033BAC9 /* DCM-Prefix.pch */,
			);
			name = "Supporting Files";
			sourceTree = "<group>";
		};
		BC3748ED155F69580033BAC9 /* MBProgressHUD */ = {
			isa = PBXGroup;
			children = (
				BC3748EE155F69720033BAC9 /* MBProgressHUD.h */,
				BC3748EF155F69720033BAC9 /* MBProgressHUD.m */,
			);
			name = MBProgressHUD;
			sourceTree = "<group>";
		};
		BC3748F1155F698F0033BAC9 /* Data Model */ = {
			isa = PBXGroup;
			children = (
				BC3748EA155F62F00033BAC9 /* DCM.xcdatamodeld */,
				BC3748FE155F6A8C0033BAC9 /* Show.h */,
				BC3748FF155F6A8C0033BAC9 /* Show.m */,
				BC3748FB155F69EC0033BAC9 /* Venue.h */,
				BC3748FC155F69EC0033BAC9 /* Venue.m */,
				BC3748F5155F69D10033BAC9 /* Performer.h */,
				BC3748F6155F69D10033BAC9 /* Performer.m */,
				BC3748F2155F69BD0033BAC9 /* Performance.h */,
				BC3748F3155F69BD0033BAC9 /* Performance.m */,
			);
			name = "Data Model";
			sourceTree = "<group>";
		};
		BC37490E155F9B2C0033BAC9 /* View Controllers */ = {
			isa = PBXGroup;
			children = (
				BC94EF7615883A9F001CE7A8 /* DCMTableViewController.h */,
				BC94EF7715883A9F001CE7A8 /* DCMTableViewController.m */,
				BC3748CF155F4C6C0033BAC9 /* MainStoryboard.storyboard */,
				BCB86A401585835300DD48E7 /* CountdownView.xib */,
				BC15F37D157C53DB00239CB8 /* DCMScheduleViewController.h */,
				BC15F37E157C53DB00239CB8 /* DCMScheduleViewController.m */,
				BC965C8F156020BE00665E50 /* DCMUpcomingViewController.h */,
				BC965C90156020BE00665E50 /* DCMUpcomingViewController.m */,
				BC37490F155FA64B0033BAC9 /* DCMAllVenuesViewController.h */,
				BC374910155FA64B0033BAC9 /* DCMAllVenuesViewController.m */,
				BCEC5E67157C327500BA8AAD /* DCMVenueViewController.h */,
				BCEC5E68157C327500BA8AAD /* DCMVenueViewController.m */,
				BCEC5E6B157C34ED00BA8AAD /* DCMVenueScheduleViewController.h */,
				BCEC5E6C157C34ED00BA8AAD /* DCMVenueScheduleViewController.m */,
				BC374912155FA65F0033BAC9 /* DCMVenueDetailViewController.h */,
				BC374913155FA65F0033BAC9 /* DCMVenueDetailViewController.m */,
				BC3748E6155F60F10033BAC9 /* DCMAllShowsViewController.h */,
				BC3748E7155F60F10033BAC9 /* DCMAllShowsViewController.m */,
				BC37490B155F9B1E0033BAC9 /* DCMShowDetailViewController.h */,
				BC37490C155F9B1E0033BAC9 /* DCMShowDetailViewController.m */,
				BC965C93156036BA00665E50 /* FluxCapacitorViewController.h */,
				BC965C94156036BA00665E50 /* FluxCapacitorViewController.m */,
				0F18530E15681EF1007075E5 /* DCMFavoritesViewController.h */,
				0F18530F15681EF1007075E5 /* DCMFavoritesViewController.m */,
			);
			name = "View Controllers";
			sourceTree = "<group>";
		};
		BC374915155FAF140033BAC9 /* Images */ = {
			isa = PBXGroup;
			children = (
				BC94EF8615885AA7001CE7A8 /* List.png */,
				BC94EF8715885AA7001CE7A8 /* List@2x.png */,
				BC94EF8815885AA8001CE7A8 /* Pin.png */,
				BC94EF8915885AA9001CE7A8 /* Pin@2x.png */,
				BC94EF82158858A1001CE7A8 /* Barrier.png */,
				BC94EF83158858A1001CE7A8 /* Barrier@2x.png */,
				BC94EF7E158856FC001CE7A8 /* Ticket.png */,
				BC94EF7F158856FC001CE7A8 /* Ticket@2x.png */,
				BC94EF7A158849FC001CE7A8 /* Heart.png */,
				BC94EF7B158849FC001CE7A8 /* Heart@2x.png */,
				BC965CA21560C24600665E50 /* Heart0.png */,
				BC965CA31560C24600665E50 /* Heart0@2x.png */,
				BC965CA41560C24600665E50 /* Heart1.png */,
				BC965CA51560C24600665E50 /* Heart1@2x.png */,
				BC965C9A1560BD5400665E50 /* Glasses.png */,
				BC965C9B1560BD5400665E50 /* Glasses@2x.png */,
				BC965C961560B91300665E50 /* Icon.png */,
				BC965C971560B91300665E50 /* Icon@2x.png */,
				BC374918155FB0A40033BAC9 /* Masks.png */,
				BC374919155FB0A40033BAC9 /* Masks@2x.png */,
				BC37491A155FB0A40033BAC9 /* Person.png */,
				BC37491B155FB0A40033BAC9 /* Person@2x.png */,
			);
			path = Images;
			sourceTree = "<group>";
		};
		BC94EF8E158918CB001CE7A8 /* TestFlightSDK */ = {
			isa = PBXGroup;
			children = (
				BC94EF92158918CC001CE7A8 /* TestFlight.h */,
				BC94EF8F158918CC001CE7A8 /* libTestFlight.a */,
				BC94EF90158918CC001CE7A8 /* README.txt */,
				BC94EF91158918CC001CE7A8 /* release_notes.txt */,
			);
			path = TestFlightSDK;
			sourceTree = "<group>";
		};
/* End PBXGroup section */

/* Begin PBXNativeTarget section */
		BC3748B8155F4C6B0033BAC9 /* DCM */ = {
			isa = PBXNativeTarget;
			buildConfigurationList = BC3748E2155F4C6C0033BAC9 /* Build configuration list for PBXNativeTarget "DCM" */;
			buildPhases = (
				BC3748B5155F4C6B0033BAC9 /* Sources */,
				BC3748B6155F4C6B0033BAC9 /* Frameworks */,
				BC3748B7155F4C6B0033BAC9 /* Resources */,
			);
			buildRules = (
			);
			dependencies = (
			);
			name = DCM;
			productName = DCM;
			productReference = BC3748B9155F4C6C0033BAC9 /* DCM.app */;
			productType = "com.apple.product-type.application";
		};
/* End PBXNativeTarget section */

/* Begin PBXProject section */
		BC3748B0155F4C6B0033BAC9 /* Project object */ = {
			isa = PBXProject;
			attributes = {
				CLASSPREFIX = DCM;
				LastUpgradeCheck = 0430;
				ORGANIZATIONNAME = "Heroic Software Inc";
			};
			buildConfigurationList = BC3748B3155F4C6B0033BAC9 /* Build configuration list for PBXProject "DCM" */;
			compatibilityVersion = "Xcode 3.2";
			developmentRegion = English;
			hasScannedForEncodings = 0;
			knownRegions = (
				en,
			);
			mainGroup = BC3748AE155F4C6B0033BAC9;
			productRefGroup = BC3748BA155F4C6C0033BAC9 /* Products */;
			projectDirPath = "";
			projectRoot = "";
			targets = (
				BC3748B8155F4C6B0033BAC9 /* DCM */,
			);
		};
/* End PBXProject section */

/* Begin PBXResourcesBuildPhase section */
		BC3748B7155F4C6B0033BAC9 /* Resources */ = {
			isa = PBXResourcesBuildPhase;
			buildActionMask = 2147483647;
			files = (
				BC3748C8155F4C6C0033BAC9 /* InfoPlist.strings in Resources */,
				BC3748D1155F4C6C0033BAC9 /* MainStoryboard.storyboard in Resources */,
				BC37491E155FB0A40033BAC9 /* Masks.png in Resources */,
				BC37491F155FB0A40033BAC9 /* Masks@2x.png in Resources */,
				BC374920155FB0A40033BAC9 /* Person.png in Resources */,
				BC374921155FB0A40033BAC9 /* Person@2x.png in Resources */,
				BC965C981560B91300665E50 /* Icon.png in Resources */,
				BC965C991560B91300665E50 /* Icon@2x.png in Resources */,
				BC965C9C1560BD5400665E50 /* Glasses.png in Resources */,
				BC965C9D1560BD5400665E50 /* Glasses@2x.png in Resources */,
				BC965CA61560C24600665E50 /* Heart0.png in Resources */,
				BC965CA71560C24600665E50 /* Heart0@2x.png in Resources */,
				BC965CA81560C24600665E50 /* Heart1.png in Resources */,
				BC965CA91560C24600665E50 /* Heart1@2x.png in Resources */,
				BCB86A411585835300DD48E7 /* CountdownView.xib in Resources */,
				BC94EF7C158849FC001CE7A8 /* Heart.png in Resources */,
				BC94EF7D158849FC001CE7A8 /* Heart@2x.png in Resources */,
				BC94EF80158856FC001CE7A8 /* Ticket.png in Resources */,
				BC94EF81158856FC001CE7A8 /* Ticket@2x.png in Resources */,
				BC94EF84158858A1001CE7A8 /* Barrier.png in Resources */,
				BC94EF85158858A1001CE7A8 /* Barrier@2x.png in Resources */,
				BC94EF8A15885AA9001CE7A8 /* List.png in Resources */,
				BC94EF8B15885AA9001CE7A8 /* List@2x.png in Resources */,
				BC94EF8C15885AA9001CE7A8 /* Pin.png in Resources */,
				BC94EF8D15885AA9001CE7A8 /* Pin@2x.png in Resources */,
			);
			runOnlyForDeploymentPostprocessing = 0;
		};
/* End PBXResourcesBuildPhase section */

/* Begin PBXSourcesBuildPhase section */
		BC3748B5155F4C6B0033BAC9 /* Sources */ = {
			isa = PBXSourcesBuildPhase;
			buildActionMask = 2147483647;
			files = (
				BC3748CA155F4C6C0033BAC9 /* main.m in Sources */,
				BC3748CE155F4C6C0033BAC9 /* DCMAppDelegate.m in Sources */,
				BC3748E8155F60F10033BAC9 /* DCMAllShowsViewController.m in Sources */,
				BC3748EC155F62F00033BAC9 /* DCM.xcdatamodeld in Sources */,
				BC3748F0155F69720033BAC9 /* MBProgressHUD.m in Sources */,
				BC3748F4155F69BD0033BAC9 /* Performance.m in Sources */,
				BC3748F7155F69D10033BAC9 /* Performer.m in Sources */,
				BC3748FD155F69EC0033BAC9 /* Venue.m in Sources */,
				BC374900155F6A8C0033BAC9 /* Show.m in Sources */,
				BC374903155F6B010033BAC9 /* DCMImportOperation.m in Sources */,
				BC374907155F7BE90033BAC9 /* DCMDatabase.m in Sources */,
				BC37490D155F9B1F0033BAC9 /* DCMShowDetailViewController.m in Sources */,
				BC374911155FA64C0033BAC9 /* DCMAllVenuesViewController.m in Sources */,
				BC374914155FA65F0033BAC9 /* DCMVenueDetailViewController.m in Sources */,
				BC965C91156020BE00665E50 /* DCMUpcomingViewController.m in Sources */,
				BC965C95156036BA00665E50 /* FluxCapacitorViewController.m in Sources */,
				0F18531015681EF1007075E5 /* DCMFavoritesViewController.m in Sources */,
				BCEC5E69157C327500BA8AAD /* DCMVenueViewController.m in Sources */,
				BCEC5E6D157C34ED00BA8AAD /* DCMVenueScheduleViewController.m in Sources */,
				BC15F37F157C53DB00239CB8 /* DCMScheduleViewController.m in Sources */,
				BCB86A441585A18B00DD48E7 /* LabelSetView.m in Sources */,
				BC31B93F1587D594005F9717 /* DCMDownload.m in Sources */,
				BC94EF7815883A9F001CE7A8 /* DCMTableViewController.m in Sources */,
			);
			runOnlyForDeploymentPostprocessing = 0;
		};
/* End PBXSourcesBuildPhase section */

/* Begin PBXVariantGroup section */
		BC3748C6155F4C6C0033BAC9 /* InfoPlist.strings */ = {
			isa = PBXVariantGroup;
			children = (
				BC3748C7155F4C6C0033BAC9 /* en */,
			);
			name = InfoPlist.strings;
			sourceTree = "<group>";
		};
		BC3748CF155F4C6C0033BAC9 /* MainStoryboard.storyboard */ = {
			isa = PBXVariantGroup;
			children = (
				BC3748D0155F4C6C0033BAC9 /* en */,
			);
			name = MainStoryboard.storyboard;
			sourceTree = "<group>";
		};
/* End PBXVariantGroup section */

/* Begin XCBuildConfiguration section */
		BC3748E0155F4C6C0033BAC9 /* Debug */ = {
			isa = XCBuildConfiguration;
			buildSettings = {
				ALWAYS_SEARCH_USER_PATHS = NO;
				ARCHS = "$(ARCHS_STANDARD_32_BIT)";
				CLANG_ENABLE_OBJC_ARC = YES;
				"CODE_SIGN_IDENTITY[sdk=iphoneos*]" = "iPhone Developer";
				COPY_PHASE_STRIP = NO;
				GCC_C_LANGUAGE_STANDARD = gnu99;
				GCC_DYNAMIC_NO_PIC = NO;
				GCC_OPTIMIZATION_LEVEL = 0;
				GCC_PREPROCESSOR_DEFINITIONS = (
					"DEBUG=1",
					"$(inherited)",
				);
				GCC_SYMBOLS_PRIVATE_EXTERN = NO;
				GCC_VERSION = com.apple.compilers.llvm.clang.1_0;
				GCC_WARN_ABOUT_RETURN_TYPE = YES;
				GCC_WARN_UNINITIALIZED_AUTOS = YES;
				GCC_WARN_UNUSED_VARIABLE = YES;
				IPHONEOS_DEPLOYMENT_TARGET = 5.1;
				"PROVISIONING_PROFILE[sdk=iphoneos*]" = "";
				SDKROOT = iphoneos;
			};
			name = Debug;
		};
		BC3748E1155F4C6C0033BAC9 /* Release */ = {
			isa = XCBuildConfiguration;
			buildSettings = {
				ALWAYS_SEARCH_USER_PATHS = NO;
				ARCHS = "$(ARCHS_STANDARD_32_BIT)";
				CLANG_ENABLE_OBJC_ARC = YES;
				"CODE_SIGN_IDENTITY[sdk=iphoneos*]" = "iPhone Distribution";
				COPY_PHASE_STRIP = YES;
				GCC_C_LANGUAGE_STANDARD = gnu99;
				GCC_PREPROCESSOR_DEFINITIONS = "TESTFLIGHT_ENABLED=1";
				GCC_VERSION = com.apple.compilers.llvm.clang.1_0;
				GCC_WARN_ABOUT_RETURN_TYPE = YES;
				GCC_WARN_UNINITIALIZED_AUTOS = YES;
				GCC_WARN_UNUSED_VARIABLE = YES;
				IPHONEOS_DEPLOYMENT_TARGET = 5.1;
				OTHER_CFLAGS = "-DNS_BLOCK_ASSERTIONS=1";
				"PROVISIONING_PROFILE[sdk=iphoneos*]" = "";
				SDKROOT = iphoneos;
				VALIDATE_PRODUCT = YES;
			};
			name = Release;
		};
		BC3748E3155F4C6C0033BAC9 /* Debug */ = {
			isa = XCBuildConfiguration;
			buildSettings = {
				GCC_PRECOMPILE_PREFIX_HEADER = YES;
				GCC_PREFIX_HEADER = "DCM/DCM-Prefix.pch";
				INFOPLIST_FILE = "DCM/DCM-Info.plist";
				LIBRARY_SEARCH_PATHS = (
					"$(inherited)",
					"\"$(SRCROOT)/TestFlightSDK\"",
				);
				PRODUCT_NAME = "$(TARGET_NAME)";
				WRAPPER_EXTENSION = app;
			};
			name = Debug;
		};
		BC3748E4155F4C6C0033BAC9 /* Release */ = {
			isa = XCBuildConfiguration;
			buildSettings = {
				GCC_PRECOMPILE_PREFIX_HEADER = YES;
				GCC_PREFIX_HEADER = "DCM/DCM-Prefix.pch";
				INFOPLIST_FILE = "DCM/DCM-Info.plist";
				LIBRARY_SEARCH_PATHS = (
					"$(inherited)",
					"\"$(SRCROOT)/TestFlightSDK\"",
				);
				PRODUCT_NAME = "$(TARGET_NAME)";
				WRAPPER_EXTENSION = app;
			};
			name = Release;
		};
/* End XCBuildConfiguration section */

/* Begin XCConfigurationList section */
		BC3748B3155F4C6B0033BAC9 /* Build configuration list for PBXProject "DCM" */ = {
			isa = XCConfigurationList;
			buildConfigurations = (
				BC3748E0155F4C6C0033BAC9 /* Debug */,
				BC3748E1155F4C6C0033BAC9 /* Release */,
			);
			defaultConfigurationIsVisible = 0;
			defaultConfigurationName = Release;
		};
		BC3748E2155F4C6C0033BAC9 /* Build configuration list for PBXNativeTarget "DCM" */ = {
			isa = XCConfigurationList;
			buildConfigurations = (
				BC3748E3155F4C6C0033BAC9 /* Debug */,
				BC3748E4155F4C6C0033BAC9 /* Release */,
			);
			defaultConfigurationIsVisible = 0;
			defaultConfigurationName = Release;
		};
/* End XCConfigurationList section */

/* Begin XCVersionGroup section */
		BC3748EA155F62F00033BAC9 /* DCM.xcdatamodeld */ = {
			isa = XCVersionGroup;
			children = (
				BC3748EB155F62F00033BAC9 /* DCM.xcdatamodel */,
			);
			currentVersion = BC3748EB155F62F00033BAC9 /* DCM.xcdatamodel */;
			path = DCM.xcdatamodeld;
			sourceTree = "<group>";
			versionGroupType = wrapper.xcdatamodel;
		};
/* End XCVersionGroup section */
	};
	rootObject = BC3748B0155F4C6B0033BAC9 /* Project object */;
}
